{
  "version": 4,
  "terraform_version": "1.6.5",
  "serial": 1947,
  "lineage": "31006ed3-1adf-e7f8-e104-1d32d455a0df",
  "outputs": {},
  "resources": [
    {
      "mode": "managed",
      "type": "aws_appmesh_mesh",
      "name": "bookingapp-mess",
      "provider": "provider[\"registry.terraform.io/hashicorp/aws\"]",
      "instances": [
        {
          "schema_version": 0,
          "attributes": {
            "arn": "arn:aws:appmesh:us-east-1:339712838104:mesh/bookingapp-mess",
            "created_date": "2024-04-09T02:38:11Z",
            "id": "bookingapp-mess",
            "last_updated_date": "2024-04-09T02:38:11Z",
            "mesh_owner": "339712838104",
            "name": "bookingapp-mess",
            "resource_owner": "339712838104",
            "spec": [
              {
                "egress_filter": [
                  {
                    "type": "ALLOW_ALL"
                  }
                ]
              }
            ],
            "tags": {},
            "tags_all": {}
          },
          "sensitive_attributes": [],
          "private": "bnVsbA=="
        }
      ]
    },
    {
      "mode": "managed",
      "type": "aws_appmesh_virtual_node",
      "name": "bookingapp-home",
      "provider": "provider[\"registry.terraform.io/hashicorp/aws\"]",
      "instances": [
        {
          "schema_version": 1,
          "attributes": {
            "arn": "arn:aws:appmesh:us-east-1:339712838104:mesh/bookingapp-mess/virtualNode/home-vnode",
            "created_date": "2024-04-09T02:39:07Z",
            "id": "e94c9072-4c5c-4b38-be5d-86f98567ce39",
            "last_updated_date": "2024-04-09T02:39:07Z",
            "mesh_name": "bookingapp-mess",
            "mesh_owner": "339712838104",
            "name": "home-vnode",
            "resource_owner": "339712838104",
            "spec": [
              {
                "backend": [
                  {
                    "virtual_service": [
                      {
                        "client_policy": [],
                        "virtual_service_name": "movie.internal-bookingapp.com"
                      }
                    ]
                  }
                ],
                "backend_defaults": [],
                "listener": [
                  {
                    "connection_pool": [],
                    "health_check": [],
                    "outlier_detection": [],
                    "port_mapping": [
                      {
                        "port": 5000,
                        "protocol": "http"
                      }
                    ],
                    "timeout": [],
                    "tls": []
                  }
                ],
                "logging": [],
                "service_discovery": [
                  {
                    "aws_cloud_map": [
                      {
                        "attributes": {},
                        "namespace_name": "internal-bookingapp.com",
                        "service_name": "home"
                      }
                    ],
                    "dns": []
                  }
                ]
              }
            ],
            "tags": {},
            "tags_all": {}
          },
          "sensitive_attributes": [],
          "private": "eyJzY2hlbWFfdmVyc2lvbiI6IjEifQ==",
          "dependencies": [
            "aws_appmesh_mesh.bookingapp-mess",
            "aws_service_discovery_private_dns_namespace.local_sd_dns",
            "module.vpc.aws_vpc.this"
          ]
        }
      ]
    },
    {
      "mode": "managed",
      "type": "aws_appmesh_virtual_node",
      "name": "bookingapp-movie",
      "provider": "provider[\"registry.terraform.io/hashicorp/aws\"]",
      "instances": [
        {
          "schema_version": 1,
          "attributes": {
            "arn": "arn:aws:appmesh:us-east-1:339712838104:mesh/bookingapp-mess/virtualNode/movie-vnode",
            "created_date": "2024-04-09T02:39:07Z",
            "id": "53bf7af7-6081-41bb-9a55-d9ad5401f54b",
            "last_updated_date": "2024-04-09T02:39:07Z",
            "mesh_name": "bookingapp-mess",
            "mesh_owner": "339712838104",
            "name": "movie-vnode",
            "resource_owner": "339712838104",
            "spec": [
              {
                "backend": [
                  {
                    "virtual_service": [
                      {
                        "client_policy": [],
                        "virtual_service_name": "redis.internal-bookingapp.com"
                      }
                    ]
                  }
                ],
                "backend_defaults": [],
                "listener": [
                  {
                    "connection_pool": [],
                    "health_check": [],
                    "outlier_detection": [],
                    "port_mapping": [
                      {
                        "port": 5000,
                        "protocol": "http"
                      }
                    ],
                    "timeout": [],
                    "tls": []
                  }
                ],
                "logging": [],
                "service_discovery": [
                  {
                    "aws_cloud_map": [
                      {
                        "attributes": {},
                        "namespace_name": "internal-bookingapp.com",
                        "service_name": "movie"
                      }
                    ],
                    "dns": []
                  }
                ]
              }
            ],
            "tags": {},
            "tags_all": {}
          },
          "sensitive_attributes": [],
          "private": "eyJzY2hlbWFfdmVyc2lvbiI6IjEifQ==",
          "dependencies": [
            "aws_appmesh_mesh.bookingapp-mess",
            "aws_service_discovery_private_dns_namespace.local_sd_dns",
            "module.vpc.aws_vpc.this"
          ]
        }
      ]
    },
    {
      "mode": "managed",
      "type": "aws_appmesh_virtual_node",
      "name": "bookingapp-movie2",
      "provider": "provider[\"registry.terraform.io/hashicorp/aws\"]",
      "instances": [
        {
          "schema_version": 1,
          "attributes": {
            "arn": "arn:aws:appmesh:us-east-1:339712838104:mesh/bookingapp-mess/virtualNode/movie2-vnode",
            "created_date": "2024-04-09T02:39:07Z",
            "id": "3ef2e8a9-7964-4599-b3eb-299f9ed80217",
            "last_updated_date": "2024-04-09T02:39:07Z",
            "mesh_name": "bookingapp-mess",
            "mesh_owner": "339712838104",
            "name": "movie2-vnode",
            "resource_owner": "339712838104",
            "spec": [
              {
                "backend": [
                  {
                    "virtual_service": [
                      {
                        "client_policy": [],
                        "virtual_service_name": "redis.internal-bookingapp.com"
                      }
                    ]
                  }
                ],
                "backend_defaults": [],
                "listener": [
                  {
                    "connection_pool": [],
                    "health_check": [],
                    "outlier_detection": [],
                    "port_mapping": [
                      {
                        "port": 5000,
                        "protocol": "http"
                      }
                    ],
                    "timeout": [],
                    "tls": []
                  }
                ],
                "logging": [],
                "service_discovery": [
                  {
                    "aws_cloud_map": [
                      {
                        "attributes": {},
                        "namespace_name": "internal-bookingapp.com",
                        "service_name": "movie2"
                      }
                    ],
                    "dns": []
                  }
                ]
              }
            ],
            "tags": {},
            "tags_all": {}
          },
          "sensitive_attributes": [],
          "private": "eyJzY2hlbWFfdmVyc2lvbiI6IjEifQ==",
          "dependencies": [
            "aws_appmesh_mesh.bookingapp-mess",
            "aws_service_discovery_private_dns_namespace.local_sd_dns",
            "module.vpc.aws_vpc.this"
          ]
        }
      ]
    },
    {
      "mode": "managed",
      "type": "aws_appmesh_virtual_node",
      "name": "bookingapp-redis",
      "provider": "provider[\"registry.terraform.io/hashicorp/aws\"]",
      "instances": [
        {
          "schema_version": 1,
          "attributes": {
            "arn": "arn:aws:appmesh:us-east-1:339712838104:mesh/bookingapp-mess/virtualNode/redis-vnode",
            "created_date": "2024-04-09T02:39:07Z",
            "id": "0fa11d9f-adcb-4162-b828-a64c60a344a9",
            "last_updated_date": "2024-04-09T02:39:07Z",
            "mesh_name": "bookingapp-mess",
            "mesh_owner": "339712838104",
            "name": "redis-vnode",
            "resource_owner": "339712838104",
            "spec": [
              {
                "backend": [],
                "backend_defaults": [],
                "listener": [
                  {
                    "connection_pool": [],
                    "health_check": [],
                    "outlier_detection": [],
                    "port_mapping": [
                      {
                        "port": 6379,
                        "protocol": "http"
                      }
                    ],
                    "timeout": [],
                    "tls": []
                  }
                ],
                "logging": [],
                "service_discovery": [
                  {
                    "aws_cloud_map": [
                      {
                        "attributes": {},
                        "namespace_name": "internal-bookingapp.com",
                        "service_name": "redis"
                      }
                    ],
                    "dns": []
                  }
                ]
              }
            ],
            "tags": {},
            "tags_all": {}
          },
          "sensitive_attributes": [],
          "private": "eyJzY2hlbWFfdmVyc2lvbiI6IjEifQ==",
          "dependencies": [
            "aws_appmesh_mesh.bookingapp-mess",
            "aws_service_discovery_private_dns_namespace.local_sd_dns",
            "module.vpc.aws_vpc.this"
          ]
        }
      ]
    },
    {
      "mode": "managed",
      "type": "aws_ecs_task_definition",
      "name": "bookingapp-home",
      "provider": "provider[\"registry.terraform.io/hashicorp/aws\"]",
      "instances": [
        {
          "schema_version": 1,
          "attributes": {
            "arn": "arn:aws:ecs:us-east-1:339712838104:task-definition/bookingapp-home:16",
            "arn_without_revision": "arn:aws:ecs:us-east-1:339712838104:task-definition/bookingapp-home",
            "container_definitions": "[{\"cpu\":1,\"environment\":[{\"name\":\"APPMESH_VIRTUAL_NODE_NAME\",\"value\":\"mesh/bookingapp-mess/virtualNode/home-vnode\"}],\"essential\":true,\"image\":\"public.ecr.aws/appmesh/aws-appmesh-envoy:v1.27.3.0-prod\",\"memory\":1024,\"mountPoints\":[],\"name\":\"envoy\",\"portMappings\":[],\"systemControls\":[],\"volumesFrom\":[]},{\"cpu\":1,\"environment\":[],\"essential\":true,\"image\":\"339712838104.dkr.ecr.us-east-1.amazonaws.com/bookingapp-home:latest\",\"memory\":1024,\"mountPoints\":[],\"name\":\"home\",\"portMappings\":[{\"appProtocol\":\"http\",\"containerPort\":5000,\"hostPort\":5000,\"name\":\"alb-access\",\"protocol\":\"tcp\"}],\"systemControls\":[],\"volumesFrom\":[]}]",
            "cpu": "512",
            "ephemeral_storage": [],
            "execution_role_arn": "arn:aws:iam::339712838104:role/ecsTaskExecutionRole",
            "family": "bookingapp-home",
            "id": "bookingapp-home",
            "inference_accelerator": [],
            "ipc_mode": "",
            "memory": "1024",
            "network_mode": "awsvpc",
            "pid_mode": "",
            "placement_constraints": [],
            "proxy_configuration": [
              {
                "container_name": "envoy",
                "properties": {
                  "AppPorts": "5000",
                  "IgnoredUID": "1337",
                  "ProxyEgressPort": "15001",
                  "ProxyIngressPort": "15000"
                },
                "type": "APPMESH"
              }
            ],
            "requires_compatibilities": [
              "FARGATE"
            ],
            "revision": 16,
            "runtime_platform": [
              {
                "cpu_architecture": "X86_64",
                "operating_system_family": "LINUX"
              }
            ],
            "skip_destroy": false,
            "tags": {},
            "tags_all": {},
            "task_role_arn": "",
            "track_latest": false,
            "volume": []
          },
          "sensitive_attributes": [],
          "private": "eyJzY2hlbWFfdmVyc2lvbiI6IjEifQ==",
          "dependencies": [
            "aws_appmesh_mesh.bookingapp-mess",
            "aws_appmesh_virtual_node.bookingapp-home",
            "aws_service_discovery_private_dns_namespace.local_sd_dns",
            "module.vpc.aws_cloudwatch_log_group.flow_log",
            "module.vpc.aws_customer_gateway.this",
            "module.vpc.aws_db_subnet_group.database",
            "module.vpc.aws_default_network_acl.this",
            "module.vpc.aws_default_route_table.default",
            "module.vpc.aws_default_security_group.this",
            "module.vpc.aws_default_vpc.this",
            "module.vpc.aws_egress_only_internet_gateway.this",
            "module.vpc.aws_eip.nat",
            "module.vpc.aws_elasticache_subnet_group.elasticache",
            "module.vpc.aws_flow_log.this",
            "module.vpc.aws_iam_policy.vpc_flow_log_cloudwatch",
            "module.vpc.aws_iam_role.vpc_flow_log_cloudwatch",
            "module.vpc.aws_iam_role_policy_attachment.vpc_flow_log_cloudwatch",
            "module.vpc.aws_internet_gateway.this",
            "module.vpc.aws_nat_gateway.this",
            "module.vpc.aws_network_acl.database",
            "module.vpc.aws_network_acl.elasticache",
            "module.vpc.aws_network_acl.intra",
            "module.vpc.aws_network_acl.outpost",
            "module.vpc.aws_network_acl.private",
            "module.vpc.aws_network_acl.public",
            "module.vpc.aws_network_acl.redshift",
            "module.vpc.aws_network_acl_rule.database_inbound",
            "module.vpc.aws_network_acl_rule.database_outbound",
            "module.vpc.aws_network_acl_rule.elasticache_inbound",
            "module.vpc.aws_network_acl_rule.elasticache_outbound",
            "module.vpc.aws_network_acl_rule.intra_inbound",
            "module.vpc.aws_network_acl_rule.intra_outbound",
            "module.vpc.aws_network_acl_rule.outpost_inbound",
            "module.vpc.aws_network_acl_rule.outpost_outbound",
            "module.vpc.aws_network_acl_rule.private_inbound",
            "module.vpc.aws_network_acl_rule.private_outbound",
            "module.vpc.aws_network_acl_rule.public_inbound",
            "module.vpc.aws_network_acl_rule.public_outbound",
            "module.vpc.aws_network_acl_rule.redshift_inbound",
            "module.vpc.aws_network_acl_rule.redshift_outbound",
            "module.vpc.aws_redshift_subnet_group.redshift",
            "module.vpc.aws_route.database_dns64_nat_gateway",
            "module.vpc.aws_route.database_internet_gateway",
            "module.vpc.aws_route.database_ipv6_egress",
            "module.vpc.aws_route.database_nat_gateway",
            "module.vpc.aws_route.private_dns64_nat_gateway",
            "module.vpc.aws_route.private_ipv6_egress",
            "module.vpc.aws_route.private_nat_gateway",
            "module.vpc.aws_route.public_internet_gateway",
            "module.vpc.aws_route.public_internet_gateway_ipv6",
            "module.vpc.aws_route_table.database",
            "module.vpc.aws_route_table.elasticache",
            "module.vpc.aws_route_table.intra",
            "module.vpc.aws_route_table.private",
            "module.vpc.aws_route_table.public",
            "module.vpc.aws_route_table.redshift",
            "module.vpc.aws_route_table_association.database",
            "module.vpc.aws_route_table_association.elasticache",
            "module.vpc.aws_route_table_association.intra",
            "module.vpc.aws_route_table_association.outpost",
            "module.vpc.aws_route_table_association.private",
            "module.vpc.aws_route_table_association.public",
            "module.vpc.aws_route_table_association.redshift",
            "module.vpc.aws_route_table_association.redshift_public",
            "module.vpc.aws_subnet.database",
            "module.vpc.aws_subnet.elasticache",
            "module.vpc.aws_subnet.intra",
            "module.vpc.aws_subnet.outpost",
            "module.vpc.aws_subnet.private",
            "module.vpc.aws_subnet.public",
            "module.vpc.aws_subnet.redshift",
            "module.vpc.aws_vpc.this",
            "module.vpc.aws_vpc_dhcp_options.this",
            "module.vpc.aws_vpc_dhcp_options_association.this",
            "module.vpc.aws_vpc_ipv4_cidr_block_association.this",
            "module.vpc.aws_vpn_gateway.this",
            "module.vpc.aws_vpn_gateway_attachment.this",
            "module.vpc.aws_vpn_gateway_route_propagation.intra",
            "module.vpc.aws_vpn_gateway_route_propagation.private",
            "module.vpc.aws_vpn_gateway_route_propagation.public",
            "module.vpc.data.aws_iam_policy_document.flow_log_cloudwatch_assume_role",
            "module.vpc.data.aws_iam_policy_document.vpc_flow_log_cloudwatch"
          ]
        }
      ]
    },
    {
      "mode": "managed",
      "type": "aws_ecs_task_definition",
      "name": "bookingapp-movie",
      "provider": "provider[\"registry.terraform.io/hashicorp/aws\"]",
      "instances": [
        {
          "schema_version": 1,
          "attributes": {
            "arn": "arn:aws:ecs:us-east-1:339712838104:task-definition/bookingapp-movie:14",
            "arn_without_revision": "arn:aws:ecs:us-east-1:339712838104:task-definition/bookingapp-movie",
            "container_definitions": "[{\"cpu\":1,\"environment\":[],\"essential\":true,\"image\":\"339712838104.dkr.ecr.us-east-1.amazonaws.com/bookingapp-movie:latest\",\"memory\":1024,\"mountPoints\":[],\"name\":\"bookingapp-movie\",\"portMappings\":[{\"appProtocol\":\"http\",\"containerPort\":5000,\"hostPort\":5000,\"name\":\"home-access\",\"protocol\":\"tcp\"}],\"systemControls\":[],\"volumesFrom\":[]},{\"cpu\":1,\"environment\":[{\"name\":\"APPMESH_VIRTUAL_NODE_NAME\",\"value\":\"mesh/bookingapp-mess/virtualNode/movie-vnode\"}],\"essential\":true,\"image\":\"public.ecr.aws/appmesh/aws-appmesh-envoy:v1.27.3.0-prod\",\"memory\":1024,\"mountPoints\":[],\"name\":\"envoy\",\"portMappings\":[],\"systemControls\":[],\"volumesFrom\":[]}]",
            "cpu": "512",
            "ephemeral_storage": [],
            "execution_role_arn": "arn:aws:iam::339712838104:role/ecsTaskExecutionRole",
            "family": "bookingapp-movie",
            "id": "bookingapp-movie",
            "inference_accelerator": [],
            "ipc_mode": "",
            "memory": "1024",
            "network_mode": "awsvpc",
            "pid_mode": "",
            "placement_constraints": [],
            "proxy_configuration": [
              {
                "container_name": "envoy",
                "properties": {
                  "AppPorts": "5000",
                  "IgnoredUID": "1337",
                  "ProxyEgressPort": "15001",
                  "ProxyIngressPort": "15000"
                },
                "type": "APPMESH"
              }
            ],
            "requires_compatibilities": [
              "FARGATE"
            ],
            "revision": 14,
            "runtime_platform": [
              {
                "cpu_architecture": "X86_64",
                "operating_system_family": "LINUX"
              }
            ],
            "skip_destroy": false,
            "tags": {},
            "tags_all": {},
            "task_role_arn": "",
            "track_latest": false,
            "volume": []
          },
          "sensitive_attributes": [],
          "private": "eyJzY2hlbWFfdmVyc2lvbiI6IjEifQ==",
          "dependencies": [
            "aws_appmesh_mesh.bookingapp-mess",
            "aws_appmesh_virtual_node.bookingapp-movie",
            "aws_service_discovery_private_dns_namespace.local_sd_dns",
            "module.vpc.aws_vpc.this"
          ]
        }
      ]
    },
    {
      "mode": "managed",
      "type": "aws_ecs_task_definition",
      "name": "bookingapp-movie2",
      "provider": "provider[\"registry.terraform.io/hashicorp/aws\"]",
      "instances": [
        {
          "schema_version": 1,
          "attributes": {
            "arn": "arn:aws:ecs:us-east-1:339712838104:task-definition/bookingapp-movie2:12",
            "arn_without_revision": "arn:aws:ecs:us-east-1:339712838104:task-definition/bookingapp-movie2",
            "container_definitions": "[{\"cpu\":1,\"environment\":[],\"essential\":true,\"image\":\"339712838104.dkr.ecr.us-east-1.amazonaws.com/bookingapp-movie2:latest\",\"memory\":1024,\"mountPoints\":[],\"name\":\"bookingapp-movie2\",\"portMappings\":[{\"appProtocol\":\"http\",\"containerPort\":5000,\"hostPort\":5000,\"name\":\"home-access\",\"protocol\":\"tcp\"}],\"systemControls\":[],\"volumesFrom\":[]},{\"cpu\":1,\"environment\":[{\"name\":\"APPMESH_VIRTUAL_NODE_NAME\",\"value\":\"mesh/bookingapp-mess/virtualNode/movie2-vnode\"}],\"essential\":true,\"image\":\"public.ecr.aws/appmesh/aws-appmesh-envoy:v1.27.3.0-prod\",\"memory\":1024,\"mountPoints\":[],\"name\":\"envoy\",\"portMappings\":[],\"systemControls\":[],\"volumesFrom\":[]}]",
            "cpu": "512",
            "ephemeral_storage": [],
            "execution_role_arn": "arn:aws:iam::339712838104:role/ecsTaskExecutionRole",
            "family": "bookingapp-movie2",
            "id": "bookingapp-movie2",
            "inference_accelerator": [],
            "ipc_mode": "",
            "memory": "1024",
            "network_mode": "awsvpc",
            "pid_mode": "",
            "placement_constraints": [],
            "proxy_configuration": [
              {
                "container_name": "envoy",
                "properties": {
                  "AppPorts": "5000",
                  "IgnoredUID": "1337",
                  "ProxyEgressPort": "15001",
                  "ProxyIngressPort": "15000"
                },
                "type": "APPMESH"
              }
            ],
            "requires_compatibilities": [
              "FARGATE"
            ],
            "revision": 12,
            "runtime_platform": [
              {
                "cpu_architecture": "X86_64",
                "operating_system_family": "LINUX"
              }
            ],
            "skip_destroy": false,
            "tags": {},
            "tags_all": {},
            "task_role_arn": "",
            "track_latest": false,
            "volume": []
          },
          "sensitive_attributes": [],
          "private": "eyJzY2hlbWFfdmVyc2lvbiI6IjEifQ==",
          "dependencies": [
            "aws_appmesh_mesh.bookingapp-mess",
            "aws_appmesh_virtual_node.bookingapp-movie2",
            "aws_service_discovery_private_dns_namespace.local_sd_dns",
            "module.vpc.aws_vpc.this"
          ]
        }
      ]
    },
    {
      "mode": "managed",
      "type": "aws_ecs_task_definition",
      "name": "bookingapp-redis",
      "provider": "provider[\"registry.terraform.io/hashicorp/aws\"]",
      "instances": [
        {
          "schema_version": 1,
          "attributes": {
            "arn": "arn:aws:ecs:us-east-1:339712838104:task-definition/bookingapp-redis:11",
            "arn_without_revision": "arn:aws:ecs:us-east-1:339712838104:task-definition/bookingapp-redis",
            "container_definitions": "[{\"cpu\":1,\"environment\":[],\"essential\":true,\"image\":\"339712838104.dkr.ecr.us-east-1.amazonaws.com/redis_alpine3.19:latest\",\"memory\":1024,\"mountPoints\":[],\"name\":\"bookingapp-redis\",\"portMappings\":[{\"appProtocol\":\"http\",\"containerPort\":6379,\"hostPort\":6379,\"name\":\"movie-access\",\"protocol\":\"tcp\"}],\"systemControls\":[],\"volumesFrom\":[]},{\"cpu\":1,\"environment\":[{\"name\":\"APPMESH_VIRTUAL_NODE_NAME\",\"value\":\"mesh/bookingapp-mess/virtualNode/redis-vnode\"}],\"essential\":true,\"image\":\"public.ecr.aws/appmesh/aws-appmesh-envoy:v1.27.3.0-prod\",\"memory\":1024,\"mountPoints\":[],\"name\":\"envoy\",\"portMappings\":[],\"systemControls\":[],\"volumesFrom\":[]}]",
            "cpu": "512",
            "ephemeral_storage": [],
            "execution_role_arn": "arn:aws:iam::339712838104:role/ecsTaskExecutionRole",
            "family": "bookingapp-redis",
            "id": "bookingapp-redis",
            "inference_accelerator": [],
            "ipc_mode": "",
            "memory": "1024",
            "network_mode": "awsvpc",
            "pid_mode": "",
            "placement_constraints": [],
            "proxy_configuration": [
              {
                "container_name": "envoy",
                "properties": {
                  "AppPorts": "6379",
                  "IgnoredUID": "1337",
                  "ProxyEgressPort": "15001",
                  "ProxyIngressPort": "15000"
                },
                "type": "APPMESH"
              }
            ],
            "requires_compatibilities": [
              "FARGATE"
            ],
            "revision": 11,
            "runtime_platform": [
              {
                "cpu_architecture": "X86_64",
                "operating_system_family": "LINUX"
              }
            ],
            "skip_destroy": false,
            "tags": {},
            "tags_all": {},
            "task_role_arn": "",
            "track_latest": false,
            "volume": []
          },
          "sensitive_attributes": [],
          "private": "eyJzY2hlbWFfdmVyc2lvbiI6IjEifQ==",
          "dependencies": [
            "aws_appmesh_mesh.bookingapp-mess",
            "aws_appmesh_virtual_node.bookingapp-redis",
            "aws_service_discovery_private_dns_namespace.local_sd_dns",
            "module.vpc.aws_vpc.this"
          ]
        }
      ]
    },
    {
      "mode": "managed",
      "type": "aws_service_discovery_private_dns_namespace",
      "name": "local_sd_dns",
      "provider": "provider[\"registry.terraform.io/hashicorp/aws\"]",
      "instances": [
        {
          "schema_version": 0,
          "attributes": {
            "arn": "arn:aws:servicediscovery:us-east-1:339712838104:namespace/ns-zxfueey2bg23brjc",
            "description": "microservices ' private service discovery ",
            "hosted_zone": "Z06220992H3WUFHMDLLHO",
            "id": "ns-zxfueey2bg23brjc",
            "name": "internal-bookingapp.com",
            "tags": {},
            "tags_all": {},
            "vpc": "vpc-05c2ee65041c2b254"
          },
          "sensitive_attributes": [],
          "private": "bnVsbA==",
          "dependencies": [
            "module.vpc.aws_vpc.this"
          ]
        }
      ]
    },
    {
      "mode": "managed",
      "type": "aws_service_discovery_service",
      "name": "bookingapp-home",
      "provider": "provider[\"registry.terraform.io/hashicorp/aws\"]",
      "instances": [
        {
          "schema_version": 0,
          "attributes": {
            "arn": "arn:aws:servicediscovery:us-east-1:339712838104:service/srv-xgm3sqo6g4yn62ve",
            "description": "",
            "dns_config": [
              {
                "dns_records": [
                  {
                    "ttl": 60,
                    "type": "A"
                  }
                ],
                "namespace_id": "ns-zxfueey2bg23brjc",
                "routing_policy": "MULTIVALUE"
              }
            ],
            "force_destroy": false,
            "health_check_config": [],
            "health_check_custom_config": [
              {
                "failure_threshold": 1
              }
            ],
            "id": "srv-xgm3sqo6g4yn62ve",
            "name": "home",
            "namespace_id": "ns-zxfueey2bg23brjc",
            "tags": {},
            "tags_all": {},
            "type": "DNS_HTTP"
          },
          "sensitive_attributes": [],
          "private": "bnVsbA==",
          "dependencies": [
            "aws_service_discovery_private_dns_namespace.local_sd_dns",
            "module.vpc.aws_vpc.this"
          ]
        }
      ]
    },
    {
      "mode": "managed",
      "type": "aws_service_discovery_service",
      "name": "bookingapp-movie",
      "provider": "provider[\"registry.terraform.io/hashicorp/aws\"]",
      "instances": [
        {
          "schema_version": 0,
          "attributes": {
            "arn": "arn:aws:servicediscovery:us-east-1:339712838104:service/srv-zvpvsedo2t376oxt",
            "description": "",
            "dns_config": [
              {
                "dns_records": [
                  {
                    "ttl": 60,
                    "type": "A"
                  }
                ],
                "namespace_id": "ns-zxfueey2bg23brjc",
                "routing_policy": "MULTIVALUE"
              }
            ],
            "force_destroy": false,
            "health_check_config": [],
            "health_check_custom_config": [
              {
                "failure_threshold": 1
              }
            ],
            "id": "srv-zvpvsedo2t376oxt",
            "name": "movie",
            "namespace_id": "ns-zxfueey2bg23brjc",
            "tags": {},
            "tags_all": {},
            "type": "DNS_HTTP"
          },
          "sensitive_attributes": [],
          "private": "bnVsbA==",
          "dependencies": [
            "aws_service_discovery_private_dns_namespace.local_sd_dns",
            "module.vpc.aws_vpc.this"
          ]
        }
      ]
    },
    {
      "mode": "managed",
      "type": "aws_service_discovery_service",
      "name": "bookingapp-movie2",
      "provider": "provider[\"registry.terraform.io/hashicorp/aws\"]",
      "instances": [
        {
          "schema_version": 0,
          "attributes": {
            "arn": "arn:aws:servicediscovery:us-east-1:339712838104:service/srv-o4bbldr3rdyfpuvm",
            "description": "",
            "dns_config": [
              {
                "dns_records": [
                  {
                    "ttl": 60,
                    "type": "A"
                  }
                ],
                "namespace_id": "ns-zxfueey2bg23brjc",
                "routing_policy": "MULTIVALUE"
              }
            ],
            "force_destroy": false,
            "health_check_config": [],
            "health_check_custom_config": [
              {
                "failure_threshold": 1
              }
            ],
            "id": "srv-o4bbldr3rdyfpuvm",
            "name": "movie2",
            "namespace_id": "ns-zxfueey2bg23brjc",
            "tags": {},
            "tags_all": {},
            "type": "DNS_HTTP"
          },
          "sensitive_attributes": [],
          "private": "bnVsbA==",
          "dependencies": [
            "aws_service_discovery_private_dns_namespace.local_sd_dns",
            "module.vpc.aws_vpc.this"
          ]
        }
      ]
    },
    {
      "mode": "managed",
      "type": "aws_service_discovery_service",
      "name": "bookingapp-redis",
      "provider": "provider[\"registry.terraform.io/hashicorp/aws\"]",
      "instances": [
        {
          "schema_version": 0,
          "attributes": {
            "arn": "arn:aws:servicediscovery:us-east-1:339712838104:service/srv-5bg3nggkc5mb6xpb",
            "description": "",
            "dns_config": [
              {
                "dns_records": [
                  {
                    "ttl": 60,
                    "type": "A"
                  }
                ],
                "namespace_id": "ns-zxfueey2bg23brjc",
                "routing_policy": "MULTIVALUE"
              }
            ],
            "force_destroy": false,
            "health_check_config": [],
            "health_check_custom_config": [
              {
                "failure_threshold": 1
              }
            ],
            "id": "srv-5bg3nggkc5mb6xpb",
            "name": "redis",
            "namespace_id": "ns-zxfueey2bg23brjc",
            "tags": {},
            "tags_all": {},
            "type": "DNS_HTTP"
          },
          "sensitive_attributes": [],
          "private": "bnVsbA==",
          "dependencies": [
            "aws_service_discovery_private_dns_namespace.local_sd_dns",
            "module.vpc.aws_vpc.this"
          ]
        }
      ]
    },
    {
      "module": "module.alb",
      "mode": "managed",
      "type": "aws_lb_target_group",
      "name": "this",
      "provider": "provider[\"registry.terraform.io/hashicorp/aws\"]",
      "instances": [
        {
          "index_key": "home",
          "schema_version": 0,
          "attributes": {
            "arn": "arn:aws:elasticloadbalancing:us-east-1:339712838104:targetgroup/home-20240409023832828400000009/0ac1096dea375be8",
            "arn_suffix": "targetgroup/home-20240409023832828400000009/0ac1096dea375be8",
            "connection_termination": null,
            "deregistration_delay": "10",
            "health_check": [
              {
                "enabled": true,
                "healthy_threshold": 2,
                "interval": 30,
                "matcher": "200-399",
                "path": "/home",
                "port": "traffic-port",
                "protocol": "HTTP",
                "timeout": 6,
                "unhealthy_threshold": 2
              }
            ],
            "id": "arn:aws:elasticloadbalancing:us-east-1:339712838104:targetgroup/home-20240409023832828400000009/0ac1096dea375be8",
            "ip_address_type": "ipv4",
            "lambda_multi_value_headers_enabled": false,
            "load_balancer_arns": [
              "arn:aws:elasticloadbalancing:us-east-1:339712838104:loadbalancer/app/microservices-alb/11182a306a8b569c"
            ],
            "load_balancing_algorithm_type": "round_robin",
            "load_balancing_anomaly_mitigation": "off",
            "load_balancing_cross_zone_enabled": "false",
            "name": "home-20240409023832828400000009",
            "name_prefix": "home-",
            "port": 80,
            "preserve_client_ip": null,
            "protocol": "HTTP",
            "protocol_version": "HTTP1",
            "proxy_protocol_v2": false,
            "slow_start": 0,
            "stickiness": [
              {
                "cookie_duration": 86400,
                "cookie_name": "",
                "enabled": false,
                "type": "lb_cookie"
              }
            ],
            "tags": {
              "name": "target group for alb",
              "terraform-aws-modules": "alb"
            },
            "tags_all": {
              "name": "target group for alb",
              "terraform-aws-modules": "alb"
            },
            "target_failover": [
              {
                "on_deregistration": null,
                "on_unhealthy": null
              }
            ],
            "target_health_state": [
              {
                "enable_unhealthy_connection_termination": null
              }
            ],
            "target_type": "ip",
            "vpc_id": "vpc-05c2ee65041c2b254"
          },
          "sensitive_attributes": [],
          "private": "bnVsbA==",
          "dependencies": [
            "module.vpc.aws_vpc.this"
          ],
          "create_before_destroy": true
        }
      ]
    },
    {
      "module": "module.bookingapp-home",
      "mode": "data",
      "type": "aws_caller_identity",
      "name": "current",
      "provider": "provider[\"registry.terraform.io/hashicorp/aws\"]",
      "instances": [
        {
          "schema_version": 0,
          "attributes": {
            "account_id": "339712838104",
            "arn": "arn:aws:iam::339712838104:user/MySideKid",
            "id": "339712838104",
            "user_id": "AIDAU6GDWRHMM4ZRYBLVO"
          },
          "sensitive_attributes": []
        }
      ]
    },
    {
      "module": "module.bookingapp-home",
      "mode": "data",
      "type": "aws_partition",
      "name": "current",
      "provider": "provider[\"registry.terraform.io/hashicorp/aws\"]",
      "instances": [
        {
          "schema_version": 0,
          "attributes": {
            "dns_suffix": "amazonaws.com",
            "id": "aws",
            "partition": "aws",
            "reverse_dns_prefix": "com.amazonaws"
          },
          "sensitive_attributes": []
        }
      ]
    },
    {
      "module": "module.bookingapp-home",
      "mode": "data",
      "type": "aws_region",
      "name": "current",
      "provider": "provider[\"registry.terraform.io/hashicorp/aws\"]",
      "instances": [
        {
          "schema_version": 0,
          "attributes": {
            "description": "US East (N. Virginia)",
            "endpoint": "ec2.us-east-1.amazonaws.com",
            "id": "us-east-1",
            "name": "us-east-1"
          },
          "sensitive_attributes": []
        }
      ]
    },
    {
      "module": "module.bookingapp-home",
      "mode": "managed",
      "type": "aws_ecs_service",
      "name": "this",
      "provider": "provider[\"registry.terraform.io/hashicorp/aws\"]",
      "instances": [
        {
          "index_key": 0,
          "schema_version": 0,
          "attributes": {
            "alarms": [],
            "capacity_provider_strategy": [],
            "cluster": "arn:aws:ecs:us-east-1:339712838104:cluster/bookingapp-cluster",
            "deployment_circuit_breaker": [
              {
                "enable": false,
                "rollback": false
              }
            ],
            "deployment_controller": [
              {
                "type": "ECS"
              }
            ],
            "deployment_maximum_percent": 200,
            "deployment_minimum_healthy_percent": 100,
            "desired_count": 1,
            "enable_ecs_managed_tags": true,
            "enable_execute_command": false,
            "force_new_deployment": true,
            "health_check_grace_period_seconds": 147,
            "iam_role": "/aws-service-role/ecs.amazonaws.com/AWSServiceRoleForECS",
            "id": "arn:aws:ecs:us-east-1:339712838104:service/bookingapp-cluster/bookingapp-home",
            "launch_type": "FARGATE",
            "load_balancer": [
              {
                "container_name": "home",
                "container_port": 5000,
                "elb_name": "",
                "target_group_arn": "arn:aws:elasticloadbalancing:us-east-1:339712838104:targetgroup/home-20240409023832828400000009/0ac1096dea375be8"
              }
            ],
            "name": "bookingapp-home",
            "network_configuration": [
              {
                "assign_public_ip": false,
                "security_groups": [
                  "sg-0d3ea0be4ca8ef483"
                ],
                "subnets": [
                  "subnet-09f4fb92de749f796",
                  "subnet-0ccf2969d24417a7b"
                ]
              }
            ],
            "ordered_placement_strategy": [],
            "placement_constraints": [],
            "platform_version": "LATEST",
            "propagate_tags": "NONE",
            "scheduling_strategy": "REPLICA",
            "service_connect_configuration": [],
            "service_registries": [
              {
                "container_name": "",
                "container_port": 0,
                "port": 0,
                "registry_arn": "arn:aws:servicediscovery:us-east-1:339712838104:service/srv-xgm3sqo6g4yn62ve"
              }
            ],
            "tags": {
              "ServiceTag": "Tag on service level",
              "name": "ecs_service"
            },
            "tags_all": {
              "ServiceTag": "Tag on service level",
              "name": "ecs_service"
            },
            "task_definition": "arn:aws:ecs:us-east-1:339712838104:task-definition/bookingapp-home:16",
            "timeouts": {
              "create": null,
              "delete": null,
              "update": null
            },
            "triggers": {},
            "wait_for_steady_state": false
          },
          "sensitive_attributes": [],
          "private": "eyJlMmJmYjczMC1lY2FhLTExZTYtOGY4OC0zNDM2M2JjN2M0YzAiOnsiY3JlYXRlIjoxMjAwMDAwMDAwMDAwLCJkZWxldGUiOjEyMDAwMDAwMDAwMDAsInVwZGF0ZSI6MTIwMDAwMDAwMDAwMH19",
          "dependencies": [
            "aws_appmesh_mesh.bookingapp-mess",
            "aws_appmesh_virtual_node.bookingapp-home",
            "aws_ecs_task_definition.bookingapp-home",
            "aws_service_discovery_private_dns_namespace.local_sd_dns",
            "aws_service_discovery_service.bookingapp-home",
            "module.alb.aws_lb_target_group.this",
            "module.bookingapp-home-sec.aws_security_group.this",
            "module.bookingapp-home-sec.aws_security_group.this_name_prefix",
            "module.bookingapp-home.aws_ecs_task_definition.this",
            "module.bookingapp-home.aws_iam_policy.service",
            "module.bookingapp-home.aws_iam_role.service",
            "module.bookingapp-home.aws_iam_role.task_exec",
            "module.bookingapp-home.aws_iam_role.tasks",
            "module.bookingapp-home.aws_iam_role_policy_attachment.service",
            "module.bookingapp-home.aws_security_group.this",
            "module.bookingapp-home.data.aws_caller_identity.current",
            "module.bookingapp-home.data.aws_ecs_task_definition.this",
            "module.bookingapp-home.data.aws_iam_policy_document.service",
            "module.bookingapp-home.data.aws_iam_policy_document.service_assume",
            "module.bookingapp-home.data.aws_iam_policy_document.task_exec_assume",
            "module.bookingapp-home.data.aws_iam_policy_document.tasks_assume",
            "module.bookingapp-home.data.aws_partition.current",
            "module.bookingapp-home.data.aws_region.current",
            "module.bookingapp-home.data.aws_subnet.this",
            "module.bookingapp-home.module.container_definition.aws_cloudwatch_log_group.this",
            "module.bookingapp-home.module.container_definition.data.aws_region.current",
            "module.ecs_cluster.aws_cloudwatch_log_group.this",
            "module.ecs_cluster.aws_ecs_cluster.this",
            "module.vpc.aws_cloudwatch_log_group.flow_log",
            "module.vpc.aws_customer_gateway.this",
            "module.vpc.aws_db_subnet_group.database",
            "module.vpc.aws_default_network_acl.this",
            "module.vpc.aws_default_route_table.default",
            "module.vpc.aws_default_security_group.this",
            "module.vpc.aws_default_vpc.this",
            "module.vpc.aws_egress_only_internet_gateway.this",
            "module.vpc.aws_eip.nat",
            "module.vpc.aws_elasticache_subnet_group.elasticache",
            "module.vpc.aws_flow_log.this",
            "module.vpc.aws_iam_policy.vpc_flow_log_cloudwatch",
            "module.vpc.aws_iam_role.vpc_flow_log_cloudwatch",
            "module.vpc.aws_iam_role_policy_attachment.vpc_flow_log_cloudwatch",
            "module.vpc.aws_internet_gateway.this",
            "module.vpc.aws_nat_gateway.this",
            "module.vpc.aws_network_acl.database",
            "module.vpc.aws_network_acl.elasticache",
            "module.vpc.aws_network_acl.intra",
            "module.vpc.aws_network_acl.outpost",
            "module.vpc.aws_network_acl.private",
            "module.vpc.aws_network_acl.public",
            "module.vpc.aws_network_acl.redshift",
            "module.vpc.aws_network_acl_rule.database_inbound",
            "module.vpc.aws_network_acl_rule.database_outbound",
            "module.vpc.aws_network_acl_rule.elasticache_inbound",
            "module.vpc.aws_network_acl_rule.elasticache_outbound",
            "module.vpc.aws_network_acl_rule.intra_inbound",
            "module.vpc.aws_network_acl_rule.intra_outbound",
            "module.vpc.aws_network_acl_rule.outpost_inbound",
            "module.vpc.aws_network_acl_rule.outpost_outbound",
            "module.vpc.aws_network_acl_rule.private_inbound",
            "module.vpc.aws_network_acl_rule.private_outbound",
            "module.vpc.aws_network_acl_rule.public_inbound",
            "module.vpc.aws_network_acl_rule.public_outbound",
            "module.vpc.aws_network_acl_rule.redshift_inbound",
            "module.vpc.aws_network_acl_rule.redshift_outbound",
            "module.vpc.aws_redshift_subnet_group.redshift",
            "module.vpc.aws_route.database_dns64_nat_gateway",
            "module.vpc.aws_route.database_internet_gateway",
            "module.vpc.aws_route.database_ipv6_egress",
            "module.vpc.aws_route.database_nat_gateway",
            "module.vpc.aws_route.private_dns64_nat_gateway",
            "module.vpc.aws_route.private_ipv6_egress",
            "module.vpc.aws_route.private_nat_gateway",
            "module.vpc.aws_route.public_internet_gateway",
            "module.vpc.aws_route.public_internet_gateway_ipv6",
            "module.vpc.aws_route_table.database",
            "module.vpc.aws_route_table.elasticache",
            "module.vpc.aws_route_table.intra",
            "module.vpc.aws_route_table.private",
            "module.vpc.aws_route_table.public",
            "module.vpc.aws_route_table.redshift",
            "module.vpc.aws_route_table_association.database",
            "module.vpc.aws_route_table_association.elasticache",
            "module.vpc.aws_route_table_association.intra",
            "module.vpc.aws_route_table_association.outpost",
            "module.vpc.aws_route_table_association.private",
            "module.vpc.aws_route_table_association.public",
            "module.vpc.aws_route_table_association.redshift",
            "module.vpc.aws_route_table_association.redshift_public",
            "module.vpc.aws_subnet.database",
            "module.vpc.aws_subnet.elasticache",
            "module.vpc.aws_subnet.intra",
            "module.vpc.aws_subnet.outpost",
            "module.vpc.aws_subnet.private",
            "module.vpc.aws_subnet.public",
            "module.vpc.aws_subnet.redshift",
            "module.vpc.aws_vpc.this",
            "module.vpc.aws_vpc_dhcp_options.this",
            "module.vpc.aws_vpc_dhcp_options_association.this",
            "module.vpc.aws_vpc_ipv4_cidr_block_association.this",
            "module.vpc.aws_vpn_gateway.this",
            "module.vpc.aws_vpn_gateway_attachment.this",
            "module.vpc.aws_vpn_gateway_route_propagation.intra",
            "module.vpc.aws_vpn_gateway_route_propagation.private",
            "module.vpc.aws_vpn_gateway_route_propagation.public",
            "module.vpc.data.aws_iam_policy_document.flow_log_cloudwatch_assume_role",
            "module.vpc.data.aws_iam_policy_document.vpc_flow_log_cloudwatch"
          ]
        }
      ]
    },
    {
      "module": "module.bookingapp-home-sec",
      "mode": "managed",
      "type": "aws_security_group",
      "name": "this_name_prefix",
      "provider": "provider[\"registry.terraform.io/hashicorp/aws\"]",
      "instances": [
        {
          "index_key": 0,
          "schema_version": 1,
          "attributes": {
            "arn": "arn:aws:ec2:us-east-1:339712838104:security-group/sg-0d3ea0be4ca8ef483",
            "description": "Security group which is used as an argument in complete-sg",
            "egress": [
              {
                "cidr_blocks": [
                  "0.0.0.0/0"
                ],
                "description": "All protocols",
                "from_port": 0,
                "ipv6_cidr_blocks": [
                  "::/0"
                ],
                "prefix_list_ids": [],
                "protocol": "-1",
                "security_groups": [],
                "self": false,
                "to_port": 0
              }
            ],
            "id": "sg-0d3ea0be4ca8ef483",
            "ingress": [
              {
                "cidr_blocks": [],
                "description": "allow alb",
                "from_port": 5000,
                "ipv6_cidr_blocks": [],
                "prefix_list_ids": [],
                "protocol": "tcp",
                "security_groups": [
                  "sg-046c762cca36330bf"
                ],
                "self": false,
                "to_port": 5000
              }
            ],
            "name": "bookingapp-home-20240409023832136100000006",
            "name_prefix": "bookingapp-home-",
            "owner_id": "339712838104",
            "revoke_rules_on_delete": false,
            "tags": {
              "Name": "bookingapp-home",
              "name": "Bookingapp-home Security Group"
            },
            "tags_all": {
              "Name": "bookingapp-home",
              "name": "Bookingapp-home Security Group"
            },
            "timeouts": {
              "create": "10m",
              "delete": "15m"
            },
            "vpc_id": "vpc-05c2ee65041c2b254"
          },
          "sensitive_attributes": [],
          "private": "eyJlMmJmYjczMC1lY2FhLTExZTYtOGY4OC0zNDM2M2JjN2M0YzAiOnsiY3JlYXRlIjo2MDAwMDAwMDAwMDAsImRlbGV0ZSI6OTAwMDAwMDAwMDAwfSwic2NoZW1hX3ZlcnNpb24iOiIxIn0=",
          "dependencies": [
            "module.vpc.aws_vpc.this"
          ],
          "create_before_destroy": true
        }
      ]
    },
    {
      "module": "module.bookingapp-movie",
      "mode": "data",
      "type": "aws_caller_identity",
      "name": "current",
      "provider": "provider[\"registry.terraform.io/hashicorp/aws\"]",
      "instances": [
        {
          "schema_version": 0,
          "attributes": {
            "account_id": "339712838104",
            "arn": "arn:aws:iam::339712838104:user/MySideKid",
            "id": "339712838104",
            "user_id": "AIDAU6GDWRHMM4ZRYBLVO"
          },
          "sensitive_attributes": []
        }
      ]
    },
    {
      "module": "module.bookingapp-movie",
      "mode": "data",
      "type": "aws_partition",
      "name": "current",
      "provider": "provider[\"registry.terraform.io/hashicorp/aws\"]",
      "instances": [
        {
          "schema_version": 0,
          "attributes": {
            "dns_suffix": "amazonaws.com",
            "id": "aws",
            "partition": "aws",
            "reverse_dns_prefix": "com.amazonaws"
          },
          "sensitive_attributes": []
        }
      ]
    },
    {
      "module": "module.bookingapp-movie",
      "mode": "data",
      "type": "aws_region",
      "name": "current",
      "provider": "provider[\"registry.terraform.io/hashicorp/aws\"]",
      "instances": [
        {
          "schema_version": 0,
          "attributes": {
            "description": "US East (N. Virginia)",
            "endpoint": "ec2.us-east-1.amazonaws.com",
            "id": "us-east-1",
            "name": "us-east-1"
          },
          "sensitive_attributes": []
        }
      ]
    },
    {
      "module": "module.bookingapp-movie",
      "mode": "managed",
      "type": "aws_ecs_service",
      "name": "this",
      "provider": "provider[\"registry.terraform.io/hashicorp/aws\"]",
      "instances": [
        {
          "index_key": 0,
          "schema_version": 0,
          "attributes": {
            "alarms": [],
            "capacity_provider_strategy": [],
            "cluster": "arn:aws:ecs:us-east-1:339712838104:cluster/bookingapp-cluster",
            "deployment_circuit_breaker": [
              {
                "enable": false,
                "rollback": false
              }
            ],
            "deployment_controller": [
              {
                "type": "ECS"
              }
            ],
            "deployment_maximum_percent": 200,
            "deployment_minimum_healthy_percent": 66,
            "desired_count": 1,
            "enable_ecs_managed_tags": true,
            "enable_execute_command": false,
            "force_new_deployment": true,
            "health_check_grace_period_seconds": 0,
            "iam_role": "/aws-service-role/ecs.amazonaws.com/AWSServiceRoleForECS",
            "id": "arn:aws:ecs:us-east-1:339712838104:service/bookingapp-cluster/bookingapp-movie",
            "launch_type": "FARGATE",
            "load_balancer": [],
            "name": "bookingapp-movie",
            "network_configuration": [
              {
                "assign_public_ip": false,
                "security_groups": [
                  "sg-078684cd66ac86409"
                ],
                "subnets": [
                  "subnet-09f4fb92de749f796",
                  "subnet-0ccf2969d24417a7b"
                ]
              }
            ],
            "ordered_placement_strategy": [],
            "placement_constraints": [],
            "platform_version": "LATEST",
            "propagate_tags": "NONE",
            "scheduling_strategy": "REPLICA",
            "service_connect_configuration": [],
            "service_registries": [
              {
                "container_name": "",
                "container_port": 0,
                "port": 0,
                "registry_arn": "arn:aws:servicediscovery:us-east-1:339712838104:service/srv-zvpvsedo2t376oxt"
              }
            ],
            "tags": {
              "ServiceTag": "Tag on service level",
              "name": "ecs_service"
            },
            "tags_all": {
              "ServiceTag": "Tag on service level",
              "name": "ecs_service"
            },
            "task_definition": "arn:aws:ecs:us-east-1:339712838104:task-definition/bookingapp-movie:14",
            "timeouts": {
              "create": null,
              "delete": null,
              "update": null
            },
            "triggers": {},
            "wait_for_steady_state": false
          },
          "sensitive_attributes": [],
          "private": "eyJlMmJmYjczMC1lY2FhLTExZTYtOGY4OC0zNDM2M2JjN2M0YzAiOnsiY3JlYXRlIjoxMjAwMDAwMDAwMDAwLCJkZWxldGUiOjEyMDAwMDAwMDAwMDAsInVwZGF0ZSI6MTIwMDAwMDAwMDAwMH19",
          "dependencies": [
            "aws_appmesh_mesh.bookingapp-mess",
            "aws_appmesh_virtual_node.bookingapp-movie",
            "aws_ecs_task_definition.bookingapp-movie",
            "aws_service_discovery_private_dns_namespace.local_sd_dns",
            "aws_service_discovery_service.bookingapp-movie",
            "module.bookingapp-movie-sec.aws_security_group.this",
            "module.bookingapp-movie-sec.aws_security_group.this_name_prefix",
            "module.bookingapp-movie.aws_ecs_task_definition.this",
            "module.bookingapp-movie.aws_iam_policy.service",
            "module.bookingapp-movie.aws_iam_role.service",
            "module.bookingapp-movie.aws_iam_role.task_exec",
            "module.bookingapp-movie.aws_iam_role.tasks",
            "module.bookingapp-movie.aws_iam_role_policy_attachment.service",
            "module.bookingapp-movie.aws_security_group.this",
            "module.bookingapp-movie.data.aws_caller_identity.current",
            "module.bookingapp-movie.data.aws_ecs_task_definition.this",
            "module.bookingapp-movie.data.aws_iam_policy_document.service",
            "module.bookingapp-movie.data.aws_iam_policy_document.service_assume",
            "module.bookingapp-movie.data.aws_iam_policy_document.task_exec_assume",
            "module.bookingapp-movie.data.aws_iam_policy_document.tasks_assume",
            "module.bookingapp-movie.data.aws_partition.current",
            "module.bookingapp-movie.data.aws_region.current",
            "module.bookingapp-movie.data.aws_subnet.this",
            "module.bookingapp-movie.module.container_definition.aws_cloudwatch_log_group.this",
            "module.bookingapp-movie.module.container_definition.data.aws_region.current",
            "module.ecs_cluster.aws_cloudwatch_log_group.this",
            "module.ecs_cluster.aws_ecs_cluster.this",
            "module.vpc.aws_subnet.private",
            "module.vpc.aws_vpc.this",
            "module.vpc.aws_vpc_ipv4_cidr_block_association.this"
          ]
        }
      ]
    },
    {
      "module": "module.bookingapp-movie-sec",
      "mode": "managed",
      "type": "aws_security_group",
      "name": "this_name_prefix",
      "provider": "provider[\"registry.terraform.io/hashicorp/aws\"]",
      "instances": [
        {
          "index_key": 0,
          "schema_version": 1,
          "attributes": {
            "arn": "arn:aws:ec2:us-east-1:339712838104:security-group/sg-078684cd66ac86409",
            "description": "Security group which is used as an argument in complete-sg",
            "egress": [
              {
                "cidr_blocks": [
                  "0.0.0.0/0"
                ],
                "description": "All protocols",
                "from_port": 0,
                "ipv6_cidr_blocks": [
                  "::/0"
                ],
                "prefix_list_ids": [],
                "protocol": "-1",
                "security_groups": [],
                "self": false,
                "to_port": 0
              }
            ],
            "id": "sg-078684cd66ac86409",
            "ingress": [
              {
                "cidr_blocks": [],
                "description": "allow alb",
                "from_port": 5000,
                "ipv6_cidr_blocks": [],
                "prefix_list_ids": [],
                "protocol": "tcp",
                "security_groups": [
                  "sg-0d3ea0be4ca8ef483"
                ],
                "self": false,
                "to_port": 5000
              }
            ],
            "name": "bookingapp-home-20240409023831246200000005",
            "name_prefix": "bookingapp-home-",
            "owner_id": "339712838104",
            "revoke_rules_on_delete": false,
            "tags": {
              "Name": "bookingapp-home",
              "name": "Bookingapp-home Security Group"
            },
            "tags_all": {
              "Name": "bookingapp-home",
              "name": "Bookingapp-home Security Group"
            },
            "timeouts": {
              "create": "10m",
              "delete": "15m"
            },
            "vpc_id": "vpc-05c2ee65041c2b254"
          },
          "sensitive_attributes": [],
          "private": "eyJlMmJmYjczMC1lY2FhLTExZTYtOGY4OC0zNDM2M2JjN2M0YzAiOnsiY3JlYXRlIjo2MDAwMDAwMDAwMDAsImRlbGV0ZSI6OTAwMDAwMDAwMDAwfSwic2NoZW1hX3ZlcnNpb24iOiIxIn0=",
          "dependencies": [
            "module.vpc.aws_vpc.this"
          ],
          "create_before_destroy": true
        }
      ]
    },
    {
      "module": "module.bookingapp-movie2",
      "mode": "data",
      "type": "aws_caller_identity",
      "name": "current",
      "provider": "provider[\"registry.terraform.io/hashicorp/aws\"]",
      "instances": [
        {
          "schema_version": 0,
          "attributes": {
            "account_id": "339712838104",
            "arn": "arn:aws:iam::339712838104:user/MySideKid",
            "id": "339712838104",
            "user_id": "AIDAU6GDWRHMM4ZRYBLVO"
          },
          "sensitive_attributes": []
        }
      ]
    },
    {
      "module": "module.bookingapp-movie2",
      "mode": "data",
      "type": "aws_partition",
      "name": "current",
      "provider": "provider[\"registry.terraform.io/hashicorp/aws\"]",
      "instances": [
        {
          "schema_version": 0,
          "attributes": {
            "dns_suffix": "amazonaws.com",
            "id": "aws",
            "partition": "aws",
            "reverse_dns_prefix": "com.amazonaws"
          },
          "sensitive_attributes": []
        }
      ]
    },
    {
      "module": "module.bookingapp-movie2",
      "mode": "data",
      "type": "aws_region",
      "name": "current",
      "provider": "provider[\"registry.terraform.io/hashicorp/aws\"]",
      "instances": [
        {
          "schema_version": 0,
          "attributes": {
            "description": "US East (N. Virginia)",
            "endpoint": "ec2.us-east-1.amazonaws.com",
            "id": "us-east-1",
            "name": "us-east-1"
          },
          "sensitive_attributes": []
        }
      ]
    },
    {
      "module": "module.bookingapp-movie2",
      "mode": "managed",
      "type": "aws_ecs_service",
      "name": "this",
      "provider": "provider[\"registry.terraform.io/hashicorp/aws\"]",
      "instances": [
        {
          "index_key": 0,
          "schema_version": 0,
          "attributes": {
            "alarms": [],
            "capacity_provider_strategy": [],
            "cluster": "arn:aws:ecs:us-east-1:339712838104:cluster/bookingapp-cluster",
            "deployment_circuit_breaker": [
              {
                "enable": false,
                "rollback": false
              }
            ],
            "deployment_controller": [
              {
                "type": "ECS"
              }
            ],
            "deployment_maximum_percent": 200,
            "deployment_minimum_healthy_percent": 66,
            "desired_count": 1,
            "enable_ecs_managed_tags": true,
            "enable_execute_command": false,
            "force_new_deployment": true,
            "health_check_grace_period_seconds": 0,
            "iam_role": "/aws-service-role/ecs.amazonaws.com/AWSServiceRoleForECS",
            "id": "arn:aws:ecs:us-east-1:339712838104:service/bookingapp-cluster/bookingapp-movie2",
            "launch_type": "FARGATE",
            "load_balancer": [],
            "name": "bookingapp-movie2",
            "network_configuration": [
              {
                "assign_public_ip": false,
                "security_groups": [
                  "sg-078684cd66ac86409"
                ],
                "subnets": [
                  "subnet-09f4fb92de749f796",
                  "subnet-0ccf2969d24417a7b"
                ]
              }
            ],
            "ordered_placement_strategy": [],
            "placement_constraints": [],
            "platform_version": "LATEST",
            "propagate_tags": "NONE",
            "scheduling_strategy": "REPLICA",
            "service_connect_configuration": [],
            "service_registries": [
              {
                "container_name": "",
                "container_port": 0,
                "port": 0,
                "registry_arn": "arn:aws:servicediscovery:us-east-1:339712838104:service/srv-o4bbldr3rdyfpuvm"
              }
            ],
            "tags": {
              "ServiceTag": "Tag on service level",
              "name": "ecs_service"
            },
            "tags_all": {
              "ServiceTag": "Tag on service level",
              "name": "ecs_service"
            },
            "task_definition": "arn:aws:ecs:us-east-1:339712838104:task-definition/bookingapp-movie2:12",
            "timeouts": {
              "create": null,
              "delete": null,
              "update": null
            },
            "triggers": {},
            "wait_for_steady_state": false
          },
          "sensitive_attributes": [],
          "private": "eyJlMmJmYjczMC1lY2FhLTExZTYtOGY4OC0zNDM2M2JjN2M0YzAiOnsiY3JlYXRlIjoxMjAwMDAwMDAwMDAwLCJkZWxldGUiOjEyMDAwMDAwMDAwMDAsInVwZGF0ZSI6MTIwMDAwMDAwMDAwMH19",
          "dependencies": [
            "aws_appmesh_mesh.bookingapp-mess",
            "aws_appmesh_virtual_node.bookingapp-movie2",
            "aws_ecs_task_definition.bookingapp-movie2",
            "aws_service_discovery_private_dns_namespace.local_sd_dns",
            "aws_service_discovery_service.bookingapp-movie2",
            "module.bookingapp-movie-sec.aws_security_group.this",
            "module.bookingapp-movie-sec.aws_security_group.this_name_prefix",
            "module.bookingapp-movie2.aws_ecs_task_definition.this",
            "module.bookingapp-movie2.aws_iam_policy.service",
            "module.bookingapp-movie2.aws_iam_role.service",
            "module.bookingapp-movie2.aws_iam_role.task_exec",
            "module.bookingapp-movie2.aws_iam_role.tasks",
            "module.bookingapp-movie2.aws_iam_role_policy_attachment.service",
            "module.bookingapp-movie2.aws_security_group.this",
            "module.bookingapp-movie2.data.aws_caller_identity.current",
            "module.bookingapp-movie2.data.aws_ecs_task_definition.this",
            "module.bookingapp-movie2.data.aws_iam_policy_document.service",
            "module.bookingapp-movie2.data.aws_iam_policy_document.service_assume",
            "module.bookingapp-movie2.data.aws_iam_policy_document.task_exec_assume",
            "module.bookingapp-movie2.data.aws_iam_policy_document.tasks_assume",
            "module.bookingapp-movie2.data.aws_partition.current",
            "module.bookingapp-movie2.data.aws_region.current",
            "module.bookingapp-movie2.data.aws_subnet.this",
            "module.bookingapp-movie2.module.container_definition.aws_cloudwatch_log_group.this",
            "module.bookingapp-movie2.module.container_definition.data.aws_region.current",
            "module.ecs_cluster.aws_cloudwatch_log_group.this",
            "module.ecs_cluster.aws_ecs_cluster.this",
            "module.vpc.aws_subnet.private",
            "module.vpc.aws_vpc.this",
            "module.vpc.aws_vpc_ipv4_cidr_block_association.this"
          ]
        }
      ]
    },
    {
      "module": "module.bookingapp-redis",
      "mode": "data",
      "type": "aws_caller_identity",
      "name": "current",
      "provider": "provider[\"registry.terraform.io/hashicorp/aws\"]",
      "instances": [
        {
          "schema_version": 0,
          "attributes": {
            "account_id": "339712838104",
            "arn": "arn:aws:iam::339712838104:user/MySideKid",
            "id": "339712838104",
            "user_id": "AIDAU6GDWRHMM4ZRYBLVO"
          },
          "sensitive_attributes": []
        }
      ]
    },
    {
      "module": "module.bookingapp-redis",
      "mode": "data",
      "type": "aws_partition",
      "name": "current",
      "provider": "provider[\"registry.terraform.io/hashicorp/aws\"]",
      "instances": [
        {
          "schema_version": 0,
          "attributes": {
            "dns_suffix": "amazonaws.com",
            "id": "aws",
            "partition": "aws",
            "reverse_dns_prefix": "com.amazonaws"
          },
          "sensitive_attributes": []
        }
      ]
    },
    {
      "module": "module.bookingapp-redis",
      "mode": "data",
      "type": "aws_region",
      "name": "current",
      "provider": "provider[\"registry.terraform.io/hashicorp/aws\"]",
      "instances": [
        {
          "schema_version": 0,
          "attributes": {
            "description": "US East (N. Virginia)",
            "endpoint": "ec2.us-east-1.amazonaws.com",
            "id": "us-east-1",
            "name": "us-east-1"
          },
          "sensitive_attributes": []
        }
      ]
    },
    {
      "module": "module.bookingapp-redis",
      "mode": "managed",
      "type": "aws_ecs_service",
      "name": "this",
      "provider": "provider[\"registry.terraform.io/hashicorp/aws\"]",
      "instances": [
        {
          "index_key": 0,
          "schema_version": 0,
          "attributes": {
            "alarms": [],
            "capacity_provider_strategy": [],
            "cluster": "arn:aws:ecs:us-east-1:339712838104:cluster/bookingapp-cluster",
            "deployment_circuit_breaker": [
              {
                "enable": false,
                "rollback": false
              }
            ],
            "deployment_controller": [
              {
                "type": "ECS"
              }
            ],
            "deployment_maximum_percent": 200,
            "deployment_minimum_healthy_percent": 66,
            "desired_count": 1,
            "enable_ecs_managed_tags": true,
            "enable_execute_command": false,
            "force_new_deployment": true,
            "health_check_grace_period_seconds": 0,
            "iam_role": "/aws-service-role/ecs.amazonaws.com/AWSServiceRoleForECS",
            "id": "arn:aws:ecs:us-east-1:339712838104:service/bookingapp-cluster/bookingapp-redis",
            "launch_type": "FARGATE",
            "load_balancer": [],
            "name": "bookingapp-redis",
            "network_configuration": [
              {
                "assign_public_ip": false,
                "security_groups": [
                  "sg-0328dfb65acfe51af"
                ],
                "subnets": [
                  "subnet-09f4fb92de749f796",
                  "subnet-0ccf2969d24417a7b"
                ]
              }
            ],
            "ordered_placement_strategy": [],
            "placement_constraints": [],
            "platform_version": "LATEST",
            "propagate_tags": "NONE",
            "scheduling_strategy": "REPLICA",
            "service_connect_configuration": [],
            "service_registries": [
              {
                "container_name": "",
                "container_port": 0,
                "port": 0,
                "registry_arn": "arn:aws:servicediscovery:us-east-1:339712838104:service/srv-5bg3nggkc5mb6xpb"
              }
            ],
            "tags": {
              "ServiceTag": "Tag on service level",
              "name": "ecs_service"
            },
            "tags_all": {
              "ServiceTag": "Tag on service level",
              "name": "ecs_service"
            },
            "task_definition": "arn:aws:ecs:us-east-1:339712838104:task-definition/bookingapp-redis:11",
            "timeouts": {
              "create": null,
              "delete": null,
              "update": null
            },
            "triggers": {},
            "wait_for_steady_state": false
          },
          "sensitive_attributes": [],
          "private": "eyJlMmJmYjczMC1lY2FhLTExZTYtOGY4OC0zNDM2M2JjN2M0YzAiOnsiY3JlYXRlIjoxMjAwMDAwMDAwMDAwLCJkZWxldGUiOjEyMDAwMDAwMDAwMDAsInVwZGF0ZSI6MTIwMDAwMDAwMDAwMH19",
          "dependencies": [
            "aws_appmesh_mesh.bookingapp-mess",
            "aws_appmesh_virtual_node.bookingapp-redis",
            "aws_ecs_task_definition.bookingapp-redis",
            "aws_service_discovery_private_dns_namespace.local_sd_dns",
            "aws_service_discovery_service.bookingapp-redis",
            "module.bookingapp-redis-sec.aws_security_group.this",
            "module.bookingapp-redis-sec.aws_security_group.this_name_prefix",
            "module.bookingapp-redis.aws_ecs_task_definition.this",
            "module.bookingapp-redis.aws_iam_policy.service",
            "module.bookingapp-redis.aws_iam_role.service",
            "module.bookingapp-redis.aws_iam_role.task_exec",
            "module.bookingapp-redis.aws_iam_role.tasks",
            "module.bookingapp-redis.aws_iam_role_policy_attachment.service",
            "module.bookingapp-redis.aws_security_group.this",
            "module.bookingapp-redis.data.aws_caller_identity.current",
            "module.bookingapp-redis.data.aws_ecs_task_definition.this",
            "module.bookingapp-redis.data.aws_iam_policy_document.service",
            "module.bookingapp-redis.data.aws_iam_policy_document.service_assume",
            "module.bookingapp-redis.data.aws_iam_policy_document.task_exec_assume",
            "module.bookingapp-redis.data.aws_iam_policy_document.tasks_assume",
            "module.bookingapp-redis.data.aws_partition.current",
            "module.bookingapp-redis.data.aws_region.current",
            "module.bookingapp-redis.data.aws_subnet.this",
            "module.bookingapp-redis.module.container_definition.aws_cloudwatch_log_group.this",
            "module.bookingapp-redis.module.container_definition.data.aws_region.current",
            "module.ecs_cluster.aws_cloudwatch_log_group.this",
            "module.ecs_cluster.aws_ecs_cluster.this",
            "module.vpc.aws_subnet.private",
            "module.vpc.aws_vpc.this",
            "module.vpc.aws_vpc_ipv4_cidr_block_association.this"
          ]
        }
      ]
    },
    {
      "module": "module.bookingapp-redis-sec",
      "mode": "managed",
      "type": "aws_security_group",
      "name": "this_name_prefix",
      "provider": "provider[\"registry.terraform.io/hashicorp/aws\"]",
      "instances": [
        {
          "index_key": 0,
          "schema_version": 1,
          "attributes": {
            "arn": "arn:aws:ec2:us-east-1:339712838104:security-group/sg-0328dfb65acfe51af",
            "description": "Security group which is used as an argument in complete-sg",
            "egress": [
              {
                "cidr_blocks": [
                  "0.0.0.0/0"
                ],
                "description": "All protocols",
                "from_port": 0,
                "ipv6_cidr_blocks": [
                  "::/0"
                ],
                "prefix_list_ids": [],
                "protocol": "-1",
                "security_groups": [],
                "self": false,
                "to_port": 0
              }
            ],
            "id": "sg-0328dfb65acfe51af",
            "ingress": [
              {
                "cidr_blocks": [
                  "10.0.0.0/16"
                ],
                "description": "allow usm for service discovery",
                "from_port": 6379,
                "ipv6_cidr_blocks": [],
                "prefix_list_ids": [],
                "protocol": "tcp",
                "security_groups": [],
                "self": false,
                "to_port": 6379
              }
            ],
            "name": "ns-sg-20240409023832442700000007",
            "name_prefix": "ns-sg-",
            "owner_id": "339712838104",
            "revoke_rules_on_delete": false,
            "tags": {
              "Name": "ns-sg",
              "name": "notification Security Group"
            },
            "tags_all": {
              "Name": "ns-sg",
              "name": "notification Security Group"
            },
            "timeouts": {
              "create": "10m",
              "delete": "15m"
            },
            "vpc_id": "vpc-05c2ee65041c2b254"
          },
          "sensitive_attributes": [],
          "private": "eyJlMmJmYjczMC1lY2FhLTExZTYtOGY4OC0zNDM2M2JjN2M0YzAiOnsiY3JlYXRlIjo2MDAwMDAwMDAwMDAsImRlbGV0ZSI6OTAwMDAwMDAwMDAwfSwic2NoZW1hX3ZlcnNpb24iOiIxIn0=",
          "dependencies": [
            "module.vpc.aws_vpc.this"
          ],
          "create_before_destroy": true
        }
      ]
    },
    {
      "module": "module.ecs_cluster",
      "mode": "managed",
      "type": "aws_cloudwatch_log_group",
      "name": "this",
      "provider": "provider[\"registry.terraform.io/hashicorp/aws\"]",
      "instances": [
        {
          "index_key": 0,
          "schema_version": 0,
          "attributes": {
            "arn": "arn:aws:logs:us-east-1:339712838104:log-group:/aws/ecs/bookingapp-cluster",
            "id": "/aws/ecs/bookingapp-cluster",
            "kms_key_id": "",
            "log_group_class": "STANDARD",
            "name": "/aws/ecs/bookingapp-cluster",
            "name_prefix": "",
            "retention_in_days": 90,
            "skip_destroy": false,
            "tags": {
              "name": "ecs-fargate-cluster"
            },
            "tags_all": {
              "name": "ecs-fargate-cluster"
            }
          },
          "sensitive_attributes": [],
          "private": "bnVsbA=="
        }
      ]
    },
    {
      "module": "module.ecs_cluster",
      "mode": "managed",
      "type": "aws_ecs_cluster",
      "name": "this",
      "provider": "provider[\"registry.terraform.io/hashicorp/aws\"]",
      "instances": [
        {
          "index_key": 0,
          "schema_version": 0,
          "attributes": {
            "arn": "arn:aws:ecs:us-east-1:339712838104:cluster/bookingapp-cluster",
            "configuration": [
              {
                "execute_command_configuration": [
                  {
                    "kms_key_id": "",
                    "log_configuration": [],
                    "logging": "DEFAULT"
                  }
                ]
              }
            ],
            "id": "arn:aws:ecs:us-east-1:339712838104:cluster/bookingapp-cluster",
            "name": "bookingapp-cluster",
            "service_connect_defaults": [],
            "setting": [
              {
                "name": "containerInsights",
                "value": "enabled"
              }
            ],
            "tags": {
              "name": "ecs-fargate-cluster"
            },
            "tags_all": {
              "name": "ecs-fargate-cluster"
            }
          },
          "sensitive_attributes": [],
          "private": "bnVsbA==",
          "dependencies": [
            "module.ecs_cluster.aws_cloudwatch_log_group.this"
          ]
        }
      ]
    },
    {
      "module": "module.vpc",
      "mode": "managed",
      "type": "aws_db_subnet_group",
      "name": "database",
      "provider": "provider[\"registry.terraform.io/hashicorp/aws\"]",
      "instances": [
        {
          "index_key": 0,
          "schema_version": 0,
          "attributes": {
            "arn": "arn:aws:rds:us-east-1:339712838104:subgrp:vpc-ecs",
            "description": "Database subnet group for VPC-ECS",
            "id": "vpc-ecs",
            "name": "vpc-ecs",
            "name_prefix": "",
            "subnet_ids": [
              "subnet-01926a4f10cda6714",
              "subnet-0a616f15d7bee2377"
            ],
            "supported_network_types": [
              "IPV4"
            ],
            "tags": {
              "Name": "vpc-ecs"
            },
            "tags_all": {
              "Name": "vpc-ecs"
            },
            "vpc_id": "vpc-05c2ee65041c2b254"
          },
          "sensitive_attributes": [],
          "private": "bnVsbA==",
          "dependencies": [
            "module.vpc.aws_subnet.database",
            "module.vpc.aws_vpc.this",
            "module.vpc.aws_vpc_ipv4_cidr_block_association.this"
          ]
        }
      ]
    },
    {
      "module": "module.vpc",
      "mode": "managed",
      "type": "aws_default_network_acl",
      "name": "this",
      "provider": "provider[\"registry.terraform.io/hashicorp/aws\"]",
      "instances": [
        {
          "index_key": 0,
          "schema_version": 0,
          "attributes": {
            "arn": "arn:aws:ec2:us-east-1:339712838104:network-acl/acl-09cade0e1fe368875",
            "default_network_acl_id": "acl-09cade0e1fe368875",
            "egress": [
              {
                "action": "allow",
                "cidr_block": "",
                "from_port": 0,
                "icmp_code": 0,
                "icmp_type": 0,
                "ipv6_cidr_block": "::/0",
                "protocol": "-1",
                "rule_no": 101,
                "to_port": 0
              },
              {
                "action": "allow",
                "cidr_block": "0.0.0.0/0",
                "from_port": 0,
                "icmp_code": 0,
                "icmp_type": 0,
                "ipv6_cidr_block": "",
                "protocol": "-1",
                "rule_no": 100,
                "to_port": 0
              }
            ],
            "id": "acl-09cade0e1fe368875",
            "ingress": [
              {
                "action": "allow",
                "cidr_block": "",
                "from_port": 0,
                "icmp_code": 0,
                "icmp_type": 0,
                "ipv6_cidr_block": "::/0",
                "protocol": "-1",
                "rule_no": 101,
                "to_port": 0
              },
              {
                "action": "allow",
                "cidr_block": "0.0.0.0/0",
                "from_port": 0,
                "icmp_code": 0,
                "icmp_type": 0,
                "ipv6_cidr_block": "",
                "protocol": "-1",
                "rule_no": 100,
                "to_port": 0
              }
            ],
            "owner_id": "339712838104",
            "subnet_ids": [
              "subnet-01926a4f10cda6714",
              "subnet-05b512310a6a952d0",
              "subnet-079ac56886ba54007",
              "subnet-09f4fb92de749f796",
              "subnet-0a616f15d7bee2377",
              "subnet-0ccf2969d24417a7b"
            ],
            "tags": {
              "Name": "VPC-ECS-default"
            },
            "tags_all": {
              "Name": "VPC-ECS-default"
            },
            "vpc_id": "vpc-05c2ee65041c2b254"
          },
          "sensitive_attributes": [],
          "private": "bnVsbA==",
          "dependencies": [
            "module.vpc.aws_vpc.this"
          ]
        }
      ]
    },
    {
      "module": "module.vpc",
      "mode": "managed",
      "type": "aws_default_route_table",
      "name": "default",
      "provider": "provider[\"registry.terraform.io/hashicorp/aws\"]",
      "instances": [
        {
          "index_key": 0,
          "schema_version": 0,
          "attributes": {
            "arn": "arn:aws:ec2:us-east-1:339712838104:route-table/rtb-08d0ef771a8b1e061",
            "default_route_table_id": "rtb-08d0ef771a8b1e061",
            "id": "rtb-08d0ef771a8b1e061",
            "owner_id": "339712838104",
            "propagating_vgws": [],
            "route": [],
            "tags": {
              "Name": "VPC-ECS-default"
            },
            "tags_all": {
              "Name": "VPC-ECS-default"
            },
            "timeouts": {
              "create": "5m",
              "update": "5m"
            },
            "vpc_id": "vpc-05c2ee65041c2b254"
          },
          "sensitive_attributes": [],
          "private": "eyJlMmJmYjczMC1lY2FhLTExZTYtOGY4OC0zNDM2M2JjN2M0YzAiOnsiY3JlYXRlIjozMDAwMDAwMDAwMDAsInVwZGF0ZSI6MzAwMDAwMDAwMDAwfX0=",
          "dependencies": [
            "module.vpc.aws_vpc.this"
          ]
        }
      ]
    },
    {
      "module": "module.vpc",
      "mode": "managed",
      "type": "aws_default_security_group",
      "name": "this",
      "provider": "provider[\"registry.terraform.io/hashicorp/aws\"]",
      "instances": [
        {
          "index_key": 0,
          "schema_version": 1,
          "attributes": {
            "arn": "arn:aws:ec2:us-east-1:339712838104:security-group/sg-09bc3983532f08e58",
            "description": "default VPC security group",
            "egress": [],
            "id": "sg-09bc3983532f08e58",
            "ingress": [],
            "name": "default",
            "name_prefix": "",
            "owner_id": "339712838104",
            "revoke_rules_on_delete": false,
            "tags": {
              "Name": "VPC-ECS-default"
            },
            "tags_all": {
              "Name": "VPC-ECS-default"
            },
            "vpc_id": "vpc-05c2ee65041c2b254"
          },
          "sensitive_attributes": [],
          "private": "eyJzY2hlbWFfdmVyc2lvbiI6IjEifQ==",
          "dependencies": [
            "module.vpc.aws_vpc.this"
          ]
        }
      ]
    },
    {
      "module": "module.vpc",
      "mode": "managed",
      "type": "aws_eip",
      "name": "nat",
      "provider": "provider[\"registry.terraform.io/hashicorp/aws\"]",
      "instances": [
        {
          "index_key": 0,
          "schema_version": 0,
          "attributes": {
            "address": null,
            "allocation_id": "eipalloc-070f200429b5d6790",
            "associate_with_private_ip": null,
            "association_id": "eipassoc-0236fb5b2ed561406",
            "carrier_ip": "",
            "customer_owned_ip": "",
            "customer_owned_ipv4_pool": "",
            "domain": "vpc",
            "id": "eipalloc-070f200429b5d6790",
            "instance": "",
            "network_border_group": "us-east-1",
            "network_interface": "eni-0d0fd2d636ea95df1",
            "private_dns": "ip-10-0-101-27.ec2.internal",
            "private_ip": "10.0.101.27",
            "public_dns": "ec2-44-194-233-195.compute-1.amazonaws.com",
            "public_ip": "44.194.233.195",
            "public_ipv4_pool": "amazon",
            "tags": {
              "Name": "VPC-ECS-us-east-1a"
            },
            "tags_all": {
              "Name": "VPC-ECS-us-east-1a"
            },
            "timeouts": null,
            "vpc": true
          },
          "sensitive_attributes": [],
          "private": "eyJlMmJmYjczMC1lY2FhLTExZTYtOGY4OC0zNDM2M2JjN2M0YzAiOnsiZGVsZXRlIjoxODAwMDAwMDAwMDAsInJlYWQiOjkwMDAwMDAwMDAwMCwidXBkYXRlIjozMDAwMDAwMDAwMDB9fQ==",
          "dependencies": [
            "module.vpc.aws_internet_gateway.this",
            "module.vpc.aws_vpc.this",
            "module.vpc.aws_vpc_ipv4_cidr_block_association.this"
          ]
        },
        {
          "index_key": 1,
          "schema_version": 0,
          "attributes": {
            "address": null,
            "allocation_id": "eipalloc-0ae8484f587fc42b3",
            "associate_with_private_ip": null,
            "association_id": "eipassoc-023badc98d279a1fb",
            "carrier_ip": "",
            "customer_owned_ip": "",
            "customer_owned_ipv4_pool": "",
            "domain": "vpc",
            "id": "eipalloc-0ae8484f587fc42b3",
            "instance": "",
            "network_border_group": "us-east-1",
            "network_interface": "eni-07ec58febed0e2f2a",
            "private_dns": "ip-10-0-102-241.ec2.internal",
            "private_ip": "10.0.102.241",
            "public_dns": "ec2-35-171-12-89.compute-1.amazonaws.com",
            "public_ip": "35.171.12.89",
            "public_ipv4_pool": "amazon",
            "tags": {
              "Name": "VPC-ECS-us-east-1b"
            },
            "tags_all": {
              "Name": "VPC-ECS-us-east-1b"
            },
            "timeouts": null,
            "vpc": true
          },
          "sensitive_attributes": [],
          "private": "eyJlMmJmYjczMC1lY2FhLTExZTYtOGY4OC0zNDM2M2JjN2M0YzAiOnsiZGVsZXRlIjoxODAwMDAwMDAwMDAsInJlYWQiOjkwMDAwMDAwMDAwMCwidXBkYXRlIjozMDAwMDAwMDAwMDB9fQ==",
          "dependencies": [
            "module.vpc.aws_internet_gateway.this",
            "module.vpc.aws_vpc.this",
            "module.vpc.aws_vpc_ipv4_cidr_block_association.this"
          ]
        }
      ]
    },
    {
      "module": "module.vpc",
      "mode": "managed",
      "type": "aws_internet_gateway",
      "name": "this",
      "provider": "provider[\"registry.terraform.io/hashicorp/aws\"]",
      "instances": [
        {
          "index_key": 0,
          "schema_version": 0,
          "attributes": {
            "arn": "arn:aws:ec2:us-east-1:339712838104:internet-gateway/igw-09d56af712dd3a12a",
            "id": "igw-09d56af712dd3a12a",
            "owner_id": "339712838104",
            "tags": {
              "Name": "VPC-ECS"
            },
            "tags_all": {
              "Name": "VPC-ECS"
            },
            "timeouts": null,
            "vpc_id": "vpc-05c2ee65041c2b254"
          },
          "sensitive_attributes": [],
          "private": "eyJlMmJmYjczMC1lY2FhLTExZTYtOGY4OC0zNDM2M2JjN2M0YzAiOnsiY3JlYXRlIjoxMjAwMDAwMDAwMDAwLCJkZWxldGUiOjEyMDAwMDAwMDAwMDAsInVwZGF0ZSI6MTIwMDAwMDAwMDAwMH19",
          "dependencies": [
            "module.vpc.aws_vpc.this",
            "module.vpc.aws_vpc_ipv4_cidr_block_association.this"
          ]
        }
      ]
    },
    {
      "module": "module.vpc",
      "mode": "managed",
      "type": "aws_nat_gateway",
      "name": "this",
      "provider": "provider[\"registry.terraform.io/hashicorp/aws\"]",
      "instances": [
        {
          "index_key": 0,
          "schema_version": 0,
          "attributes": {
            "allocation_id": "eipalloc-070f200429b5d6790",
            "association_id": "eipassoc-0236fb5b2ed561406",
            "connectivity_type": "public",
            "id": "nat-01d71a2376a89765a",
            "network_interface_id": "eni-0d0fd2d636ea95df1",
            "private_ip": "10.0.101.27",
            "public_ip": "44.194.233.195",
            "secondary_allocation_ids": [],
            "secondary_private_ip_address_count": 0,
            "secondary_private_ip_addresses": [],
            "subnet_id": "subnet-079ac56886ba54007",
            "tags": {
              "Name": "VPC-ECS-us-east-1a"
            },
            "tags_all": {
              "Name": "VPC-ECS-us-east-1a"
            },
            "timeouts": null
          },
          "sensitive_attributes": [],
          "private": "eyJlMmJmYjczMC1lY2FhLTExZTYtOGY4OC0zNDM2M2JjN2M0YzAiOnsiY3JlYXRlIjo2MDAwMDAwMDAwMDAsImRlbGV0ZSI6MTgwMDAwMDAwMDAwMCwidXBkYXRlIjo2MDAwMDAwMDAwMDB9fQ==",
          "dependencies": [
            "module.vpc.aws_eip.nat",
            "module.vpc.aws_internet_gateway.this",
            "module.vpc.aws_subnet.public",
            "module.vpc.aws_vpc.this",
            "module.vpc.aws_vpc_ipv4_cidr_block_association.this"
          ]
        },
        {
          "index_key": 1,
          "schema_version": 0,
          "attributes": {
            "allocation_id": "eipalloc-0ae8484f587fc42b3",
            "association_id": "eipassoc-023badc98d279a1fb",
            "connectivity_type": "public",
            "id": "nat-0b4c57b125a90e274",
            "network_interface_id": "eni-07ec58febed0e2f2a",
            "private_ip": "10.0.102.241",
            "public_ip": "35.171.12.89",
            "secondary_allocation_ids": [],
            "secondary_private_ip_address_count": 0,
            "secondary_private_ip_addresses": [],
            "subnet_id": "subnet-05b512310a6a952d0",
            "tags": {
              "Name": "VPC-ECS-us-east-1b"
            },
            "tags_all": {
              "Name": "VPC-ECS-us-east-1b"
            },
            "timeouts": null
          },
          "sensitive_attributes": [],
          "private": "eyJlMmJmYjczMC1lY2FhLTExZTYtOGY4OC0zNDM2M2JjN2M0YzAiOnsiY3JlYXRlIjo2MDAwMDAwMDAwMDAsImRlbGV0ZSI6MTgwMDAwMDAwMDAwMCwidXBkYXRlIjo2MDAwMDAwMDAwMDB9fQ==",
          "dependencies": [
            "module.vpc.aws_eip.nat",
            "module.vpc.aws_internet_gateway.this",
            "module.vpc.aws_subnet.public",
            "module.vpc.aws_vpc.this",
            "module.vpc.aws_vpc_ipv4_cidr_block_association.this"
          ]
        }
      ]
    },
    {
      "module": "module.vpc",
      "mode": "managed",
      "type": "aws_route",
      "name": "private_nat_gateway",
      "provider": "provider[\"registry.terraform.io/hashicorp/aws\"]",
      "instances": [
        {
          "index_key": 0,
          "schema_version": 0,
          "attributes": {
            "carrier_gateway_id": "",
            "core_network_arn": "",
            "destination_cidr_block": "0.0.0.0/0",
            "destination_ipv6_cidr_block": "",
            "destination_prefix_list_id": "",
            "egress_only_gateway_id": "",
            "gateway_id": "",
            "id": "r-rtb-06e6550fcd3ed3f261080289494",
            "instance_id": "",
            "instance_owner_id": "",
            "local_gateway_id": "",
            "nat_gateway_id": "nat-01d71a2376a89765a",
            "network_interface_id": "",
            "origin": "CreateRoute",
            "route_table_id": "rtb-06e6550fcd3ed3f26",
            "state": "active",
            "timeouts": {
              "create": "5m",
              "delete": null,
              "update": null
            },
            "transit_gateway_id": "",
            "vpc_endpoint_id": "",
            "vpc_peering_connection_id": ""
          },
          "sensitive_attributes": [],
          "private": "eyJlMmJmYjczMC1lY2FhLTExZTYtOGY4OC0zNDM2M2JjN2M0YzAiOnsiY3JlYXRlIjozMDAwMDAwMDAwMDAsImRlbGV0ZSI6MzAwMDAwMDAwMDAwLCJ1cGRhdGUiOjEyMDAwMDAwMDAwMH19",
          "dependencies": [
            "module.vpc.aws_eip.nat",
            "module.vpc.aws_internet_gateway.this",
            "module.vpc.aws_nat_gateway.this",
            "module.vpc.aws_route_table.private",
            "module.vpc.aws_subnet.public",
            "module.vpc.aws_vpc.this",
            "module.vpc.aws_vpc_ipv4_cidr_block_association.this"
          ]
        },
        {
          "index_key": 1,
          "schema_version": 0,
          "attributes": {
            "carrier_gateway_id": "",
            "core_network_arn": "",
            "destination_cidr_block": "0.0.0.0/0",
            "destination_ipv6_cidr_block": "",
            "destination_prefix_list_id": "",
            "egress_only_gateway_id": "",
            "gateway_id": "",
            "id": "r-rtb-056264d48234374441080289494",
            "instance_id": "",
            "instance_owner_id": "",
            "local_gateway_id": "",
            "nat_gateway_id": "nat-0b4c57b125a90e274",
            "network_interface_id": "",
            "origin": "CreateRoute",
            "route_table_id": "rtb-056264d4823437444",
            "state": "active",
            "timeouts": {
              "create": "5m",
              "delete": null,
              "update": null
            },
            "transit_gateway_id": "",
            "vpc_endpoint_id": "",
            "vpc_peering_connection_id": ""
          },
          "sensitive_attributes": [],
          "private": "eyJlMmJmYjczMC1lY2FhLTExZTYtOGY4OC0zNDM2M2JjN2M0YzAiOnsiY3JlYXRlIjozMDAwMDAwMDAwMDAsImRlbGV0ZSI6MzAwMDAwMDAwMDAwLCJ1cGRhdGUiOjEyMDAwMDAwMDAwMH19",
          "dependencies": [
            "module.vpc.aws_eip.nat",
            "module.vpc.aws_internet_gateway.this",
            "module.vpc.aws_nat_gateway.this",
            "module.vpc.aws_route_table.private",
            "module.vpc.aws_subnet.public",
            "module.vpc.aws_vpc.this",
            "module.vpc.aws_vpc_ipv4_cidr_block_association.this"
          ]
        }
      ]
    },
    {
      "module": "module.vpc",
      "mode": "managed",
      "type": "aws_route",
      "name": "public_internet_gateway",
      "provider": "provider[\"registry.terraform.io/hashicorp/aws\"]",
      "instances": [
        {
          "index_key": 0,
          "schema_version": 0,
          "attributes": {
            "carrier_gateway_id": "",
            "core_network_arn": "",
            "destination_cidr_block": "0.0.0.0/0",
            "destination_ipv6_cidr_block": "",
            "destination_prefix_list_id": "",
            "egress_only_gateway_id": "",
            "gateway_id": "igw-09d56af712dd3a12a",
            "id": "r-rtb-0828f72b73c76d4181080289494",
            "instance_id": "",
            "instance_owner_id": "",
            "local_gateway_id": "",
            "nat_gateway_id": "",
            "network_interface_id": "",
            "origin": "CreateRoute",
            "route_table_id": "rtb-0828f72b73c76d418",
            "state": "active",
            "timeouts": {
              "create": "5m",
              "delete": null,
              "update": null
            },
            "transit_gateway_id": "",
            "vpc_endpoint_id": "",
            "vpc_peering_connection_id": ""
          },
          "sensitive_attributes": [],
          "private": "eyJlMmJmYjczMC1lY2FhLTExZTYtOGY4OC0zNDM2M2JjN2M0YzAiOnsiY3JlYXRlIjozMDAwMDAwMDAwMDAsImRlbGV0ZSI6MzAwMDAwMDAwMDAwLCJ1cGRhdGUiOjEyMDAwMDAwMDAwMH19",
          "dependencies": [
            "module.vpc.aws_internet_gateway.this",
            "module.vpc.aws_route_table.public",
            "module.vpc.aws_vpc.this",
            "module.vpc.aws_vpc_ipv4_cidr_block_association.this"
          ]
        }
      ]
    },
    {
      "module": "module.vpc",
      "mode": "managed",
      "type": "aws_route_table",
      "name": "private",
      "provider": "provider[\"registry.terraform.io/hashicorp/aws\"]",
      "instances": [
        {
          "index_key": 0,
          "schema_version": 0,
          "attributes": {
            "arn": "arn:aws:ec2:us-east-1:339712838104:route-table/rtb-06e6550fcd3ed3f26",
            "id": "rtb-06e6550fcd3ed3f26",
            "owner_id": "339712838104",
            "propagating_vgws": [],
            "route": [
              {
                "carrier_gateway_id": "",
                "cidr_block": "0.0.0.0/0",
                "core_network_arn": "",
                "destination_prefix_list_id": "",
                "egress_only_gateway_id": "",
                "gateway_id": "",
                "ipv6_cidr_block": "",
                "local_gateway_id": "",
                "nat_gateway_id": "nat-01d71a2376a89765a",
                "network_interface_id": "",
                "transit_gateway_id": "",
                "vpc_endpoint_id": "",
                "vpc_peering_connection_id": ""
              }
            ],
            "tags": {
              "Name": "VPC-ECS-private-us-east-1a"
            },
            "tags_all": {
              "Name": "VPC-ECS-private-us-east-1a"
            },
            "timeouts": null,
            "vpc_id": "vpc-05c2ee65041c2b254"
          },
          "sensitive_attributes": [],
          "private": "eyJlMmJmYjczMC1lY2FhLTExZTYtOGY4OC0zNDM2M2JjN2M0YzAiOnsiY3JlYXRlIjozMDAwMDAwMDAwMDAsImRlbGV0ZSI6MzAwMDAwMDAwMDAwLCJ1cGRhdGUiOjEyMDAwMDAwMDAwMH19",
          "dependencies": [
            "module.vpc.aws_vpc.this",
            "module.vpc.aws_vpc_ipv4_cidr_block_association.this"
          ]
        },
        {
          "index_key": 1,
          "schema_version": 0,
          "attributes": {
            "arn": "arn:aws:ec2:us-east-1:339712838104:route-table/rtb-056264d4823437444",
            "id": "rtb-056264d4823437444",
            "owner_id": "339712838104",
            "propagating_vgws": [],
            "route": [
              {
                "carrier_gateway_id": "",
                "cidr_block": "0.0.0.0/0",
                "core_network_arn": "",
                "destination_prefix_list_id": "",
                "egress_only_gateway_id": "",
                "gateway_id": "",
                "ipv6_cidr_block": "",
                "local_gateway_id": "",
                "nat_gateway_id": "nat-0b4c57b125a90e274",
                "network_interface_id": "",
                "transit_gateway_id": "",
                "vpc_endpoint_id": "",
                "vpc_peering_connection_id": ""
              }
            ],
            "tags": {
              "Name": "VPC-ECS-private-us-east-1b"
            },
            "tags_all": {
              "Name": "VPC-ECS-private-us-east-1b"
            },
            "timeouts": null,
            "vpc_id": "vpc-05c2ee65041c2b254"
          },
          "sensitive_attributes": [],
          "private": "eyJlMmJmYjczMC1lY2FhLTExZTYtOGY4OC0zNDM2M2JjN2M0YzAiOnsiY3JlYXRlIjozMDAwMDAwMDAwMDAsImRlbGV0ZSI6MzAwMDAwMDAwMDAwLCJ1cGRhdGUiOjEyMDAwMDAwMDAwMH19",
          "dependencies": [
            "module.vpc.aws_vpc.this",
            "module.vpc.aws_vpc_ipv4_cidr_block_association.this"
          ]
        }
      ]
    },
    {
      "module": "module.vpc",
      "mode": "managed",
      "type": "aws_route_table",
      "name": "public",
      "provider": "provider[\"registry.terraform.io/hashicorp/aws\"]",
      "instances": [
        {
          "index_key": 0,
          "schema_version": 0,
          "attributes": {
            "arn": "arn:aws:ec2:us-east-1:339712838104:route-table/rtb-0828f72b73c76d418",
            "id": "rtb-0828f72b73c76d418",
            "owner_id": "339712838104",
            "propagating_vgws": [],
            "route": [
              {
                "carrier_gateway_id": "",
                "cidr_block": "0.0.0.0/0",
                "core_network_arn": "",
                "destination_prefix_list_id": "",
                "egress_only_gateway_id": "",
                "gateway_id": "igw-09d56af712dd3a12a",
                "ipv6_cidr_block": "",
                "local_gateway_id": "",
                "nat_gateway_id": "",
                "network_interface_id": "",
                "transit_gateway_id": "",
                "vpc_endpoint_id": "",
                "vpc_peering_connection_id": ""
              }
            ],
            "tags": {
              "Name": "VPC-ECS-public"
            },
            "tags_all": {
              "Name": "VPC-ECS-public"
            },
            "timeouts": null,
            "vpc_id": "vpc-05c2ee65041c2b254"
          },
          "sensitive_attributes": [],
          "private": "eyJlMmJmYjczMC1lY2FhLTExZTYtOGY4OC0zNDM2M2JjN2M0YzAiOnsiY3JlYXRlIjozMDAwMDAwMDAwMDAsImRlbGV0ZSI6MzAwMDAwMDAwMDAwLCJ1cGRhdGUiOjEyMDAwMDAwMDAwMH19",
          "dependencies": [
            "module.vpc.aws_vpc.this",
            "module.vpc.aws_vpc_ipv4_cidr_block_association.this"
          ]
        }
      ]
    },
    {
      "module": "module.vpc",
      "mode": "managed",
      "type": "aws_route_table_association",
      "name": "database",
      "provider": "provider[\"registry.terraform.io/hashicorp/aws\"]",
      "instances": [
        {
          "index_key": 0,
          "schema_version": 0,
          "attributes": {
            "gateway_id": "",
            "id": "rtbassoc-0a40d0c13ec2885d8",
            "route_table_id": "rtb-06e6550fcd3ed3f26",
            "subnet_id": "subnet-0a616f15d7bee2377",
            "timeouts": null
          },
          "sensitive_attributes": [],
          "private": "eyJlMmJmYjczMC1lY2FhLTExZTYtOGY4OC0zNDM2M2JjN2M0YzAiOnsiY3JlYXRlIjozMDAwMDAwMDAwMDAsImRlbGV0ZSI6MzAwMDAwMDAwMDAwLCJ1cGRhdGUiOjEyMDAwMDAwMDAwMH19",
          "dependencies": [
            "module.vpc.aws_route_table.database",
            "module.vpc.aws_route_table.private",
            "module.vpc.aws_subnet.database",
            "module.vpc.aws_vpc.this",
            "module.vpc.aws_vpc_ipv4_cidr_block_association.this"
          ]
        },
        {
          "index_key": 1,
          "schema_version": 0,
          "attributes": {
            "gateway_id": "",
            "id": "rtbassoc-0e0664b78eac3a85f",
            "route_table_id": "rtb-056264d4823437444",
            "subnet_id": "subnet-01926a4f10cda6714",
            "timeouts": null
          },
          "sensitive_attributes": [],
          "private": "eyJlMmJmYjczMC1lY2FhLTExZTYtOGY4OC0zNDM2M2JjN2M0YzAiOnsiY3JlYXRlIjozMDAwMDAwMDAwMDAsImRlbGV0ZSI6MzAwMDAwMDAwMDAwLCJ1cGRhdGUiOjEyMDAwMDAwMDAwMH19",
          "dependencies": [
            "module.vpc.aws_route_table.database",
            "module.vpc.aws_route_table.private",
            "module.vpc.aws_subnet.database",
            "module.vpc.aws_vpc.this",
            "module.vpc.aws_vpc_ipv4_cidr_block_association.this"
          ]
        }
      ]
    },
    {
      "module": "module.vpc",
      "mode": "managed",
      "type": "aws_route_table_association",
      "name": "private",
      "provider": "provider[\"registry.terraform.io/hashicorp/aws\"]",
      "instances": [
        {
          "index_key": 0,
          "schema_version": 0,
          "attributes": {
            "gateway_id": "",
            "id": "rtbassoc-0b440247f8c67186c",
            "route_table_id": "rtb-06e6550fcd3ed3f26",
            "subnet_id": "subnet-09f4fb92de749f796",
            "timeouts": null
          },
          "sensitive_attributes": [],
          "private": "eyJlMmJmYjczMC1lY2FhLTExZTYtOGY4OC0zNDM2M2JjN2M0YzAiOnsiY3JlYXRlIjozMDAwMDAwMDAwMDAsImRlbGV0ZSI6MzAwMDAwMDAwMDAwLCJ1cGRhdGUiOjEyMDAwMDAwMDAwMH19",
          "dependencies": [
            "module.vpc.aws_route_table.private",
            "module.vpc.aws_subnet.private",
            "module.vpc.aws_vpc.this",
            "module.vpc.aws_vpc_ipv4_cidr_block_association.this"
          ]
        },
        {
          "index_key": 1,
          "schema_version": 0,
          "attributes": {
            "gateway_id": "",
            "id": "rtbassoc-06d8669254481bc2f",
            "route_table_id": "rtb-056264d4823437444",
            "subnet_id": "subnet-0ccf2969d24417a7b",
            "timeouts": null
          },
          "sensitive_attributes": [],
          "private": "eyJlMmJmYjczMC1lY2FhLTExZTYtOGY4OC0zNDM2M2JjN2M0YzAiOnsiY3JlYXRlIjozMDAwMDAwMDAwMDAsImRlbGV0ZSI6MzAwMDAwMDAwMDAwLCJ1cGRhdGUiOjEyMDAwMDAwMDAwMH19",
          "dependencies": [
            "module.vpc.aws_route_table.private",
            "module.vpc.aws_subnet.private",
            "module.vpc.aws_vpc.this",
            "module.vpc.aws_vpc_ipv4_cidr_block_association.this"
          ]
        }
      ]
    },
    {
      "module": "module.vpc",
      "mode": "managed",
      "type": "aws_route_table_association",
      "name": "public",
      "provider": "provider[\"registry.terraform.io/hashicorp/aws\"]",
      "instances": [
        {
          "index_key": 0,
          "schema_version": 0,
          "attributes": {
            "gateway_id": "",
            "id": "rtbassoc-03f8af5ebb7752b1b",
            "route_table_id": "rtb-0828f72b73c76d418",
            "subnet_id": "subnet-079ac56886ba54007",
            "timeouts": null
          },
          "sensitive_attributes": [],
          "private": "eyJlMmJmYjczMC1lY2FhLTExZTYtOGY4OC0zNDM2M2JjN2M0YzAiOnsiY3JlYXRlIjozMDAwMDAwMDAwMDAsImRlbGV0ZSI6MzAwMDAwMDAwMDAwLCJ1cGRhdGUiOjEyMDAwMDAwMDAwMH19",
          "dependencies": [
            "module.vpc.aws_route_table.public",
            "module.vpc.aws_subnet.public",
            "module.vpc.aws_vpc.this",
            "module.vpc.aws_vpc_ipv4_cidr_block_association.this"
          ]
        },
        {
          "index_key": 1,
          "schema_version": 0,
          "attributes": {
            "gateway_id": "",
            "id": "rtbassoc-0fc6d638384214e77",
            "route_table_id": "rtb-0828f72b73c76d418",
            "subnet_id": "subnet-05b512310a6a952d0",
            "timeouts": null
          },
          "sensitive_attributes": [],
          "private": "eyJlMmJmYjczMC1lY2FhLTExZTYtOGY4OC0zNDM2M2JjN2M0YzAiOnsiY3JlYXRlIjozMDAwMDAwMDAwMDAsImRlbGV0ZSI6MzAwMDAwMDAwMDAwLCJ1cGRhdGUiOjEyMDAwMDAwMDAwMH19",
          "dependencies": [
            "module.vpc.aws_route_table.public",
            "module.vpc.aws_subnet.public",
            "module.vpc.aws_vpc.this",
            "module.vpc.aws_vpc_ipv4_cidr_block_association.this"
          ]
        }
      ]
    },
    {
      "module": "module.vpc",
      "mode": "managed",
      "type": "aws_subnet",
      "name": "database",
      "provider": "provider[\"registry.terraform.io/hashicorp/aws\"]",
      "instances": [
        {
          "index_key": 0,
          "schema_version": 1,
          "attributes": {
            "arn": "arn:aws:ec2:us-east-1:339712838104:subnet/subnet-0a616f15d7bee2377",
            "assign_ipv6_address_on_creation": false,
            "availability_zone": "us-east-1a",
            "availability_zone_id": "use1-az4",
            "cidr_block": "10.0.3.0/24",
            "customer_owned_ipv4_pool": "",
            "enable_dns64": false,
            "enable_lni_at_device_index": 0,
            "enable_resource_name_dns_a_record_on_launch": false,
            "enable_resource_name_dns_aaaa_record_on_launch": false,
            "id": "subnet-0a616f15d7bee2377",
            "ipv6_cidr_block": "",
            "ipv6_cidr_block_association_id": "",
            "ipv6_native": false,
            "map_customer_owned_ip_on_launch": false,
            "map_public_ip_on_launch": false,
            "outpost_arn": "",
            "owner_id": "339712838104",
            "private_dns_hostname_type_on_launch": "ip-name",
            "tags": {
              "Name": "VPC-ECS-db-us-east-1a",
              "type": "Private Database Subnets"
            },
            "tags_all": {
              "Name": "VPC-ECS-db-us-east-1a",
              "type": "Private Database Subnets"
            },
            "timeouts": null,
            "vpc_id": "vpc-05c2ee65041c2b254"
          },
          "sensitive_attributes": [],
          "private": "eyJlMmJmYjczMC1lY2FhLTExZTYtOGY4OC0zNDM2M2JjN2M0YzAiOnsiY3JlYXRlIjo2MDAwMDAwMDAwMDAsImRlbGV0ZSI6MTIwMDAwMDAwMDAwMH0sInNjaGVtYV92ZXJzaW9uIjoiMSJ9",
          "dependencies": [
            "module.vpc.aws_vpc.this",
            "module.vpc.aws_vpc_ipv4_cidr_block_association.this"
          ]
        },
        {
          "index_key": 1,
          "schema_version": 1,
          "attributes": {
            "arn": "arn:aws:ec2:us-east-1:339712838104:subnet/subnet-01926a4f10cda6714",
            "assign_ipv6_address_on_creation": false,
            "availability_zone": "us-east-1b",
            "availability_zone_id": "use1-az6",
            "cidr_block": "10.0.4.0/24",
            "customer_owned_ipv4_pool": "",
            "enable_dns64": false,
            "enable_lni_at_device_index": 0,
            "enable_resource_name_dns_a_record_on_launch": false,
            "enable_resource_name_dns_aaaa_record_on_launch": false,
            "id": "subnet-01926a4f10cda6714",
            "ipv6_cidr_block": "",
            "ipv6_cidr_block_association_id": "",
            "ipv6_native": false,
            "map_customer_owned_ip_on_launch": false,
            "map_public_ip_on_launch": false,
            "outpost_arn": "",
            "owner_id": "339712838104",
            "private_dns_hostname_type_on_launch": "ip-name",
            "tags": {
              "Name": "VPC-ECS-db-us-east-1b",
              "type": "Private Database Subnets"
            },
            "tags_all": {
              "Name": "VPC-ECS-db-us-east-1b",
              "type": "Private Database Subnets"
            },
            "timeouts": null,
            "vpc_id": "vpc-05c2ee65041c2b254"
          },
          "sensitive_attributes": [],
          "private": "eyJlMmJmYjczMC1lY2FhLTExZTYtOGY4OC0zNDM2M2JjN2M0YzAiOnsiY3JlYXRlIjo2MDAwMDAwMDAwMDAsImRlbGV0ZSI6MTIwMDAwMDAwMDAwMH0sInNjaGVtYV92ZXJzaW9uIjoiMSJ9",
          "dependencies": [
            "module.vpc.aws_vpc.this",
            "module.vpc.aws_vpc_ipv4_cidr_block_association.this"
          ]
        }
      ]
    },
    {
      "module": "module.vpc",
      "mode": "managed",
      "type": "aws_subnet",
      "name": "private",
      "provider": "provider[\"registry.terraform.io/hashicorp/aws\"]",
      "instances": [
        {
          "index_key": 0,
          "schema_version": 1,
          "attributes": {
            "arn": "arn:aws:ec2:us-east-1:339712838104:subnet/subnet-09f4fb92de749f796",
            "assign_ipv6_address_on_creation": false,
            "availability_zone": "us-east-1a",
            "availability_zone_id": "use1-az4",
            "cidr_block": "10.0.1.0/24",
            "customer_owned_ipv4_pool": "",
            "enable_dns64": false,
            "enable_lni_at_device_index": 0,
            "enable_resource_name_dns_a_record_on_launch": false,
            "enable_resource_name_dns_aaaa_record_on_launch": false,
            "id": "subnet-09f4fb92de749f796",
            "ipv6_cidr_block": "",
            "ipv6_cidr_block_association_id": "",
            "ipv6_native": false,
            "map_customer_owned_ip_on_launch": false,
            "map_public_ip_on_launch": false,
            "outpost_arn": "",
            "owner_id": "339712838104",
            "private_dns_hostname_type_on_launch": "ip-name",
            "tags": {
              "Name": "VPC-ECS-private-us-east-1a",
              "Type": "Private Subnets"
            },
            "tags_all": {
              "Name": "VPC-ECS-private-us-east-1a",
              "Type": "Private Subnets"
            },
            "timeouts": null,
            "vpc_id": "vpc-05c2ee65041c2b254"
          },
          "sensitive_attributes": [],
          "private": "eyJlMmJmYjczMC1lY2FhLTExZTYtOGY4OC0zNDM2M2JjN2M0YzAiOnsiY3JlYXRlIjo2MDAwMDAwMDAwMDAsImRlbGV0ZSI6MTIwMDAwMDAwMDAwMH0sInNjaGVtYV92ZXJzaW9uIjoiMSJ9",
          "dependencies": [
            "module.vpc.aws_vpc.this",
            "module.vpc.aws_vpc_ipv4_cidr_block_association.this"
          ],
          "create_before_destroy": true
        },
        {
          "index_key": 1,
          "schema_version": 1,
          "attributes": {
            "arn": "arn:aws:ec2:us-east-1:339712838104:subnet/subnet-0ccf2969d24417a7b",
            "assign_ipv6_address_on_creation": false,
            "availability_zone": "us-east-1b",
            "availability_zone_id": "use1-az6",
            "cidr_block": "10.0.2.0/24",
            "customer_owned_ipv4_pool": "",
            "enable_dns64": false,
            "enable_lni_at_device_index": 0,
            "enable_resource_name_dns_a_record_on_launch": false,
            "enable_resource_name_dns_aaaa_record_on_launch": false,
            "id": "subnet-0ccf2969d24417a7b",
            "ipv6_cidr_block": "",
            "ipv6_cidr_block_association_id": "",
            "ipv6_native": false,
            "map_customer_owned_ip_on_launch": false,
            "map_public_ip_on_launch": false,
            "outpost_arn": "",
            "owner_id": "339712838104",
            "private_dns_hostname_type_on_launch": "ip-name",
            "tags": {
              "Name": "VPC-ECS-private-us-east-1b",
              "Type": "Private Subnets"
            },
            "tags_all": {
              "Name": "VPC-ECS-private-us-east-1b",
              "Type": "Private Subnets"
            },
            "timeouts": null,
            "vpc_id": "vpc-05c2ee65041c2b254"
          },
          "sensitive_attributes": [],
          "private": "eyJlMmJmYjczMC1lY2FhLTExZTYtOGY4OC0zNDM2M2JjN2M0YzAiOnsiY3JlYXRlIjo2MDAwMDAwMDAwMDAsImRlbGV0ZSI6MTIwMDAwMDAwMDAwMH0sInNjaGVtYV92ZXJzaW9uIjoiMSJ9",
          "dependencies": [
            "module.vpc.aws_vpc.this",
            "module.vpc.aws_vpc_ipv4_cidr_block_association.this"
          ],
          "create_before_destroy": true
        }
      ]
    },
    {
      "module": "module.vpc",
      "mode": "managed",
      "type": "aws_subnet",
      "name": "public",
      "provider": "provider[\"registry.terraform.io/hashicorp/aws\"]",
      "instances": [
        {
          "index_key": 0,
          "schema_version": 1,
          "attributes": {
            "arn": "arn:aws:ec2:us-east-1:339712838104:subnet/subnet-079ac56886ba54007",
            "assign_ipv6_address_on_creation": false,
            "availability_zone": "us-east-1a",
            "availability_zone_id": "use1-az4",
            "cidr_block": "10.0.101.0/24",
            "customer_owned_ipv4_pool": "",
            "enable_dns64": false,
            "enable_lni_at_device_index": 0,
            "enable_resource_name_dns_a_record_on_launch": false,
            "enable_resource_name_dns_aaaa_record_on_launch": false,
            "id": "subnet-079ac56886ba54007",
            "ipv6_cidr_block": "",
            "ipv6_cidr_block_association_id": "",
            "ipv6_native": false,
            "map_customer_owned_ip_on_launch": false,
            "map_public_ip_on_launch": false,
            "outpost_arn": "",
            "owner_id": "339712838104",
            "private_dns_hostname_type_on_launch": "ip-name",
            "tags": {
              "Name": "VPC-ECS-public-us-east-1a",
              "Type": "Public Subnets"
            },
            "tags_all": {
              "Name": "VPC-ECS-public-us-east-1a",
              "Type": "Public Subnets"
            },
            "timeouts": null,
            "vpc_id": "vpc-05c2ee65041c2b254"
          },
          "sensitive_attributes": [],
          "private": "eyJlMmJmYjczMC1lY2FhLTExZTYtOGY4OC0zNDM2M2JjN2M0YzAiOnsiY3JlYXRlIjo2MDAwMDAwMDAwMDAsImRlbGV0ZSI6MTIwMDAwMDAwMDAwMH0sInNjaGVtYV92ZXJzaW9uIjoiMSJ9",
          "dependencies": [
            "module.vpc.aws_vpc.this",
            "module.vpc.aws_vpc_ipv4_cidr_block_association.this"
          ]
        },
        {
          "index_key": 1,
          "schema_version": 1,
          "attributes": {
            "arn": "arn:aws:ec2:us-east-1:339712838104:subnet/subnet-05b512310a6a952d0",
            "assign_ipv6_address_on_creation": false,
            "availability_zone": "us-east-1b",
            "availability_zone_id": "use1-az6",
            "cidr_block": "10.0.102.0/24",
            "customer_owned_ipv4_pool": "",
            "enable_dns64": false,
            "enable_lni_at_device_index": 0,
            "enable_resource_name_dns_a_record_on_launch": false,
            "enable_resource_name_dns_aaaa_record_on_launch": false,
            "id": "subnet-05b512310a6a952d0",
            "ipv6_cidr_block": "",
            "ipv6_cidr_block_association_id": "",
            "ipv6_native": false,
            "map_customer_owned_ip_on_launch": false,
            "map_public_ip_on_launch": false,
            "outpost_arn": "",
            "owner_id": "339712838104",
            "private_dns_hostname_type_on_launch": "ip-name",
            "tags": {
              "Name": "VPC-ECS-public-us-east-1b",
              "Type": "Public Subnets"
            },
            "tags_all": {
              "Name": "VPC-ECS-public-us-east-1b",
              "Type": "Public Subnets"
            },
            "timeouts": null,
            "vpc_id": "vpc-05c2ee65041c2b254"
          },
          "sensitive_attributes": [],
          "private": "eyJlMmJmYjczMC1lY2FhLTExZTYtOGY4OC0zNDM2M2JjN2M0YzAiOnsiY3JlYXRlIjo2MDAwMDAwMDAwMDAsImRlbGV0ZSI6MTIwMDAwMDAwMDAwMH0sInNjaGVtYV92ZXJzaW9uIjoiMSJ9",
          "dependencies": [
            "module.vpc.aws_vpc.this",
            "module.vpc.aws_vpc_ipv4_cidr_block_association.this"
          ]
        }
      ]
    },
    {
      "module": "module.vpc",
      "mode": "managed",
      "type": "aws_vpc",
      "name": "this",
      "provider": "provider[\"registry.terraform.io/hashicorp/aws\"]",
      "instances": [
        {
          "index_key": 0,
          "schema_version": 1,
          "attributes": {
            "arn": "arn:aws:ec2:us-east-1:339712838104:vpc/vpc-05c2ee65041c2b254",
            "assign_generated_ipv6_cidr_block": false,
            "cidr_block": "10.0.0.0/16",
            "default_network_acl_id": "acl-09cade0e1fe368875",
            "default_route_table_id": "rtb-08d0ef771a8b1e061",
            "default_security_group_id": "sg-09bc3983532f08e58",
            "dhcp_options_id": "dopt-08a726ac35ffadb43",
            "enable_dns_hostnames": true,
            "enable_dns_support": true,
            "enable_network_address_usage_metrics": false,
            "id": "vpc-05c2ee65041c2b254",
            "instance_tenancy": "default",
            "ipv4_ipam_pool_id": null,
            "ipv4_netmask_length": null,
            "ipv6_association_id": "",
            "ipv6_cidr_block": "",
            "ipv6_cidr_block_network_border_group": "",
            "ipv6_ipam_pool_id": "",
            "ipv6_netmask_length": 0,
            "main_route_table_id": "rtb-08d0ef771a8b1e061",
            "owner_id": "339712838104",
            "tags": {
              "Name": "VPC-ECS"
            },
            "tags_all": {
              "Name": "VPC-ECS"
            }
          },
          "sensitive_attributes": [],
          "private": "eyJzY2hlbWFfdmVyc2lvbiI6IjEifQ==",
          "create_before_destroy": true
        }
      ]
    }
  ],
  "check_results": null
}
